
Microsoft Visual Studio Solution File, Format Version 12.00
# Visual Studio Version 17
VisualStudioVersion = 17.12.35424.110 d17.12
MinimumVisualStudioVersion = 10.0.40219.1
Project("{FAE04EC0-301F-11D3-BF4B-00C04F79EFBC}") = "BlossomTemplate", "BlossomTemplate\BlossomTemplate\BlossomTemplate.csproj", "{033081AB-D746-46DD-A085-B1E7928B76FC}"
EndProject
Project("{FAE04EC0-301F-11D3-BF4B-00C04F79EFBC}") = "BlossomTemplate.Shared", "BlossomTemplate\BlossomTemplate.Shared\BlossomTemplate.Shared.csproj", "{4E74770C-D3DA-4D8A-8800-11D646F8F24D}"
EndProject
Project("{FAE04EC0-301F-11D3-BF4B-00C04F79EFBC}") = "BlossomTemplate.Web", "BlossomTemplate\BlossomTemplate.Web\BlossomTemplate.Web.csproj", "{BB895599-C9F9-412A-A34C-C73D9B387FDC}"
EndProject
Global
	GlobalSection(SolutionConfigurationPlatforms) = preSolution
		Debug|Any CPU = Debug|Any CPU
		Release|Any CPU = Release|Any CPU
	EndGlobalSection
	GlobalSection(ProjectConfigurationPlatforms) = postSolution
		{033081AB-D746-46DD-A085-B1E7928B76FC}.Debug|Any CPU.ActiveCfg = Debug|Any CPU
		{033081AB-D746-46DD-A085-B1E7928B76FC}.Debug|Any CPU.Build.0 = Debug|Any CPU
		{033081AB-D746-46DD-A085-B1E7928B76FC}.Release|Any CPU.ActiveCfg = Release|Any CPU
		{033081AB-D746-46DD-A085-B1E7928B76FC}.Release|Any CPU.Build.0 = Release|Any CPU
		{4E74770C-D3DA-4D8A-8800-11D646F8F24D}.Debug|Any CPU.ActiveCfg = Debug|Any CPU
		{4E74770C-D3DA-4D8A-8800-11D646F8F24D}.Debug|Any CPU.Build.0 = Debug|Any CPU
		{4E74770C-D3DA-4D8A-8800-11D646F8F24D}.Release|Any CPU.ActiveCfg = Release|Any CPU
		{4E74770C-D3DA-4D8A-8800-11D646F8F24D}.Release|Any CPU.Build.0 = Release|Any CPU
		{BB895599-C9F9-412A-A34C-C73D9B387FDC}.Debug|Any CPU.ActiveCfg = Debug|Any CPU
		{BB895599-C9F9-412A-A34C-C73D9B387FDC}.Debug|Any CPU.Build.0 = Debug|Any CPU
		{BB895599-C9F9-412A-A34C-C73D9B387FDC}.Release|Any CPU.ActiveCfg = Release|Any CPU
		{BB895599-C9F9-412A-A34C-C73D9B387FDC}.Release|Any CPU.Build.0 = Release|Any CPU
	EndGlobalSection
	GlobalSection(SolutionProperties) = preSolution
		HideSolutionNode = FALSE
	EndGlobalSection
EndGlobal
