
Microsoft Visual Studio Solution File, Format Version 12.00
# Visual Studio Version 17
VisualStudioVersion = 17.0.31512.422
MinimumVisualStudioVersion = 10.0.40219.1
Project("{9A19103F-16F7-4668-BE54-9A1E7A4F7556}") = "Sparc.Blossom.Core", "Sparc.Blossom.Core\Sparc.Blossom.Core.csproj", "{01C91A5C-3145-47E1-9852-C9EEF80F378D}"
EndProject
Project("{9A19103F-16F7-4668-BE54-9A1E7A4F7556}") = "Sparc.Blossom.Data.Cosmos", "Sparc.Blossom.Data.Cosmos\Sparc.Blossom.Data.Cosmos.csproj", "{D114A309-9369-4893-9534-257447606BD7}"
EndProject
Project("{9A19103F-16F7-4668-BE54-9A1E7A4F7556}") = "Sparc.Blossom.Tests", "Sparc.Blossom.Tests\Sparc.Blossom.Tests.csproj", "{389CC10E-BDF2-4DB8-976F-07BBFF4A1133}"
EndProject
Project("{9A19103F-16F7-4668-BE54-9A1E7A4F7556}") = "Sparc.Blossom.Data.SqlServer", "Sparc.Blossom.Data.SqlServer\Sparc.Blossom.Data.SqlServer.csproj", "{10B7D245-DCCA-4A43-932D-295B69C326F4}"
EndProject
Project("{9A19103F-16F7-4668-BE54-9A1E7A4F7556}") = "Sparc.Blossom.Data.AzureStorage", "Sparc.Blossom.Data.AzureStorage\Sparc.Blossom.Data.AzureStorage.csproj", "{D535D2C5-8982-414B-BA87-D193F9CAFFF3}"
EndProject
Project("{2150E333-8FDC-42A3-9474-1A3956D46DE8}") = "Sparc.Blossom.Authentication", "Sparc.Blossom.Authentication", "{83F7C43B-B59D-4A53-9A86-23491B5AAC40}"
EndProject
Project("{2150E333-8FDC-42A3-9474-1A3956D46DE8}") = "Sparc.Blossom.Data", "Sparc.Blossom.Data", "{3E532811-D187-4747-95F7-F774F0DBA5EA}"
EndProject
Project("{9A19103F-16F7-4668-BE54-9A1E7A4F7556}") = "Sparc.Blossom.Realtime.Twilio", "Sparc.Blossom.Realtime.Twilio\Sparc.Blossom.Realtime.Twilio.csproj", "{CDFD24B5-A8CA-4C5E-A95C-27258DC858AA}"
EndProject
Project("{9A19103F-16F7-4668-BE54-9A1E7A4F7556}") = "Sparc.Blossom.Realtime.Azure", "Sparc.Blossom.Realtime.Azure\Sparc.Blossom.Realtime.Azure.csproj", "{1BBC9913-AB0C-4FB4-AE30-37E7DB50B6ED}"
EndProject
Project("{2150E333-8FDC-42A3-9474-1A3956D46DE8}") = "Sparc.Blossom.Realtime", "Sparc.Blossom.Realtime", "{DAB528BD-AAC2-479A-861C-FB2CE1EAC781}"
EndProject
Project("{2150E333-8FDC-42A3-9474-1A3956D46DE8}") = "Plugins", "Plugins", "{F4760C1E-ABB6-4355-A42E-311BD30A1313}"
EndProject
Project("{9A19103F-16F7-4668-BE54-9A1E7A4F7556}") = "Sparc.Blossom.Example.Server", "Sparc.Blossom.Example\Sparc.Blossom.Example\Sparc.Blossom.Example.Server.csproj", "{1DC6C6F3-EB3F-4065-9966-A6034B743BF5}"
EndProject
Project("{9A19103F-16F7-4668-BE54-9A1E7A4F7556}") = "Sparc.Blossom.Example.Single", "Sparc.Blossom.Example.Server\Sparc.Blossom.Example.Single.csproj", "{B8DD5026-4F0F-491E-8E6E-FB92C188E992}"
EndProject
Project("{2150E333-8FDC-42A3-9474-1A3956D46DE8}") = "Example - Single Project", "Example - Single Project", "{A17D4BE0-37C5-473B-9C57-ADFEBFF25DD9}"
EndProject
Project("{2150E333-8FDC-42A3-9474-1A3956D46DE8}") = "Example - Multiproject", "Example - Multiproject", "{788F1124-7330-4333-B4BC-2C73F00E462F}"
EndProject
Project("{9A19103F-16F7-4668-BE54-9A1E7A4F7556}") = "Sparc.Blossom", "Sparc.Blossom\Sparc.Blossom.csproj", "{85B675EC-9E21-4205-97C1-A494E8FD7CFE}"
EndProject
Project("{2150E333-8FDC-42A3-9474-1A3956D46DE8}") = "Examples", "Examples", "{9B2106B7-4D61-411A-B9AE-46ECA3055F42}"
EndProject
Project("{9A19103F-16F7-4668-BE54-9A1E7A4F7556}") = "Sparc.Blossom.ApiGenerator", "Sparc.Blossom.ApiGenerator\Sparc.Blossom.ApiGenerator.csproj", "{DF697DC6-3888-4861-955F-557239D6AA6B}"
EndProject
Project("{9A19103F-16F7-4668-BE54-9A1E7A4F7556}") = "Sparc.Blossom.Authentication.Passwordless", "Sparc.Blossom.Authentication.Passwordless\Sparc.Blossom.Authentication.Passwordless.csproj", "{2C1B3E13-FFC3-46FC-82AF-E2E9BF046123}"
EndProject
Global
	GlobalSection(SolutionConfigurationPlatforms) = preSolution
		Debug|Any CPU = Debug|Any CPU
		Debug|arm64 = Debug|arm64
		Debug|x64 = Debug|x64
		Debug|x86 = Debug|x86
		Release|Any CPU = Release|Any CPU
		Release|arm64 = Release|arm64
		Release|x64 = Release|x64
		Release|x86 = Release|x86
	EndGlobalSection
	GlobalSection(ProjectConfigurationPlatforms) = postSolution
		{01C91A5C-3145-47E1-9852-C9EEF80F378D}.Debug|Any CPU.ActiveCfg = Debug|Any CPU
		{01C91A5C-3145-47E1-9852-C9EEF80F378D}.Debug|Any CPU.Build.0 = Debug|Any CPU
		{01C91A5C-3145-47E1-9852-C9EEF80F378D}.Debug|arm64.ActiveCfg = Debug|Any CPU
		{01C91A5C-3145-47E1-9852-C9EEF80F378D}.Debug|arm64.Build.0 = Debug|Any CPU
		{01C91A5C-3145-47E1-9852-C9EEF80F378D}.Debug|x64.ActiveCfg = Debug|Any CPU
		{01C91A5C-3145-47E1-9852-C9EEF80F378D}.Debug|x64.Build.0 = Debug|Any CPU
		{01C91A5C-3145-47E1-9852-C9EEF80F378D}.Debug|x86.ActiveCfg = Debug|Any CPU
		{01C91A5C-3145-47E1-9852-C9EEF80F378D}.Debug|x86.Build.0 = Debug|Any CPU
		{01C91A5C-3145-47E1-9852-C9EEF80F378D}.Release|Any CPU.ActiveCfg = Release|Any CPU
		{01C91A5C-3145-47E1-9852-C9EEF80F378D}.Release|Any CPU.Build.0 = Release|Any CPU
		{01C91A5C-3145-47E1-9852-C9EEF80F378D}.Release|arm64.ActiveCfg = Release|Any CPU
		{01C91A5C-3145-47E1-9852-C9EEF80F378D}.Release|arm64.Build.0 = Release|Any CPU
		{01C91A5C-3145-47E1-9852-C9EEF80F378D}.Release|x64.ActiveCfg = Release|Any CPU
		{01C91A5C-3145-47E1-9852-C9EEF80F378D}.Release|x64.Build.0 = Release|Any CPU
		{01C91A5C-3145-47E1-9852-C9EEF80F378D}.Release|x86.ActiveCfg = Release|Any CPU
		{01C91A5C-3145-47E1-9852-C9EEF80F378D}.Release|x86.Build.0 = Release|Any CPU
		{D114A309-9369-4893-9534-257447606BD7}.Debug|Any CPU.ActiveCfg = Debug|Any CPU
		{D114A309-9369-4893-9534-257447606BD7}.Debug|Any CPU.Build.0 = Debug|Any CPU
		{D114A309-9369-4893-9534-257447606BD7}.Debug|arm64.ActiveCfg = Debug|Any CPU
		{D114A309-9369-4893-9534-257447606BD7}.Debug|arm64.Build.0 = Debug|Any CPU
		{D114A309-9369-4893-9534-257447606BD7}.Debug|x64.ActiveCfg = Debug|Any CPU
		{D114A309-9369-4893-9534-257447606BD7}.Debug|x64.Build.0 = Debug|Any CPU
		{D114A309-9369-4893-9534-257447606BD7}.Debug|x86.ActiveCfg = Debug|Any CPU
		{D114A309-9369-4893-9534-257447606BD7}.Debug|x86.Build.0 = Debug|Any CPU
		{D114A309-9369-4893-9534-257447606BD7}.Release|Any CPU.ActiveCfg = Release|Any CPU
		{D114A309-9369-4893-9534-257447606BD7}.Release|Any CPU.Build.0 = Release|Any CPU
		{D114A309-9369-4893-9534-257447606BD7}.Release|arm64.ActiveCfg = Release|Any CPU
		{D114A309-9369-4893-9534-257447606BD7}.Release|arm64.Build.0 = Release|Any CPU
		{D114A309-9369-4893-9534-257447606BD7}.Release|x64.ActiveCfg = Release|Any CPU
		{D114A309-9369-4893-9534-257447606BD7}.Release|x64.Build.0 = Release|Any CPU
		{D114A309-9369-4893-9534-257447606BD7}.Release|x86.ActiveCfg = Release|Any CPU
		{D114A309-9369-4893-9534-257447606BD7}.Release|x86.Build.0 = Release|Any CPU
		{389CC10E-BDF2-4DB8-976F-07BBFF4A1133}.Debug|Any CPU.ActiveCfg = Debug|Any CPU
		{389CC10E-BDF2-4DB8-976F-07BBFF4A1133}.Debug|Any CPU.Build.0 = Debug|Any CPU
		{389CC10E-BDF2-4DB8-976F-07BBFF4A1133}.Debug|arm64.ActiveCfg = Debug|Any CPU
		{389CC10E-BDF2-4DB8-976F-07BBFF4A1133}.Debug|arm64.Build.0 = Debug|Any CPU
		{389CC10E-BDF2-4DB8-976F-07BBFF4A1133}.Debug|x64.ActiveCfg = Debug|Any CPU
		{389CC10E-BDF2-4DB8-976F-07BBFF4A1133}.Debug|x64.Build.0 = Debug|Any CPU
		{389CC10E-BDF2-4DB8-976F-07BBFF4A1133}.Debug|x86.ActiveCfg = Debug|Any CPU
		{389CC10E-BDF2-4DB8-976F-07BBFF4A1133}.Debug|x86.Build.0 = Debug|Any CPU
		{389CC10E-BDF2-4DB8-976F-07BBFF4A1133}.Release|Any CPU.ActiveCfg = Release|Any CPU
		{389CC10E-BDF2-4DB8-976F-07BBFF4A1133}.Release|Any CPU.Build.0 = Release|Any CPU
		{389CC10E-BDF2-4DB8-976F-07BBFF4A1133}.Release|arm64.ActiveCfg = Release|Any CPU
		{389CC10E-BDF2-4DB8-976F-07BBFF4A1133}.Release|arm64.Build.0 = Release|Any CPU
		{389CC10E-BDF2-4DB8-976F-07BBFF4A1133}.Release|x64.ActiveCfg = Release|Any CPU
		{389CC10E-BDF2-4DB8-976F-07BBFF4A1133}.Release|x64.Build.0 = Release|Any CPU
		{389CC10E-BDF2-4DB8-976F-07BBFF4A1133}.Release|x86.ActiveCfg = Release|Any CPU
		{389CC10E-BDF2-4DB8-976F-07BBFF4A1133}.Release|x86.Build.0 = Release|Any CPU
		{10B7D245-DCCA-4A43-932D-295B69C326F4}.Debug|Any CPU.ActiveCfg = Debug|Any CPU
		{10B7D245-DCCA-4A43-932D-295B69C326F4}.Debug|Any CPU.Build.0 = Debug|Any CPU
		{10B7D245-DCCA-4A43-932D-295B69C326F4}.Debug|arm64.ActiveCfg = Debug|Any CPU
		{10B7D245-DCCA-4A43-932D-295B69C326F4}.Debug|arm64.Build.0 = Debug|Any CPU
		{10B7D245-DCCA-4A43-932D-295B69C326F4}.Debug|x64.ActiveCfg = Debug|Any CPU
		{10B7D245-DCCA-4A43-932D-295B69C326F4}.Debug|x64.Build.0 = Debug|Any CPU
		{10B7D245-DCCA-4A43-932D-295B69C326F4}.Debug|x86.ActiveCfg = Debug|Any CPU
		{10B7D245-DCCA-4A43-932D-295B69C326F4}.Debug|x86.Build.0 = Debug|Any CPU
		{10B7D245-DCCA-4A43-932D-295B69C326F4}.Release|Any CPU.ActiveCfg = Release|Any CPU
		{10B7D245-DCCA-4A43-932D-295B69C326F4}.Release|Any CPU.Build.0 = Release|Any CPU
		{10B7D245-DCCA-4A43-932D-295B69C326F4}.Release|arm64.ActiveCfg = Release|Any CPU
		{10B7D245-DCCA-4A43-932D-295B69C326F4}.Release|arm64.Build.0 = Release|Any CPU
		{10B7D245-DCCA-4A43-932D-295B69C326F4}.Release|x64.ActiveCfg = Release|Any CPU
		{10B7D245-DCCA-4A43-932D-295B69C326F4}.Release|x64.Build.0 = Release|Any CPU
		{10B7D245-DCCA-4A43-932D-295B69C326F4}.Release|x86.ActiveCfg = Release|Any CPU
		{10B7D245-DCCA-4A43-932D-295B69C326F4}.Release|x86.Build.0 = Release|Any CPU
		{D535D2C5-8982-414B-BA87-D193F9CAFFF3}.Debug|Any CPU.ActiveCfg = Debug|Any CPU
		{D535D2C5-8982-414B-BA87-D193F9CAFFF3}.Debug|Any CPU.Build.0 = Debug|Any CPU
		{D535D2C5-8982-414B-BA87-D193F9CAFFF3}.Debug|arm64.ActiveCfg = Debug|Any CPU
		{D535D2C5-8982-414B-BA87-D193F9CAFFF3}.Debug|arm64.Build.0 = Debug|Any CPU
		{D535D2C5-8982-414B-BA87-D193F9CAFFF3}.Debug|x64.ActiveCfg = Debug|Any CPU
		{D535D2C5-8982-414B-BA87-D193F9CAFFF3}.Debug|x64.Build.0 = Debug|Any CPU
		{D535D2C5-8982-414B-BA87-D193F9CAFFF3}.Debug|x86.ActiveCfg = Debug|Any CPU
		{D535D2C5-8982-414B-BA87-D193F9CAFFF3}.Debug|x86.Build.0 = Debug|Any CPU
		{D535D2C5-8982-414B-BA87-D193F9CAFFF3}.Release|Any CPU.ActiveCfg = Release|Any CPU
		{D535D2C5-8982-414B-BA87-D193F9CAFFF3}.Release|Any CPU.Build.0 = Release|Any CPU
		{D535D2C5-8982-414B-BA87-D193F9CAFFF3}.Release|arm64.ActiveCfg = Release|Any CPU
		{D535D2C5-8982-414B-BA87-D193F9CAFFF3}.Release|arm64.Build.0 = Release|Any CPU
		{D535D2C5-8982-414B-BA87-D193F9CAFFF3}.Release|x64.ActiveCfg = Release|Any CPU
		{D535D2C5-8982-414B-BA87-D193F9CAFFF3}.Release|x64.Build.0 = Release|Any CPU
		{D535D2C5-8982-414B-BA87-D193F9CAFFF3}.Release|x86.ActiveCfg = Release|Any CPU
		{D535D2C5-8982-414B-BA87-D193F9CAFFF3}.Release|x86.Build.0 = Release|Any CPU
		{CDFD24B5-A8CA-4C5E-A95C-27258DC858AA}.Debug|Any CPU.ActiveCfg = Debug|Any CPU
		{CDFD24B5-A8CA-4C5E-A95C-27258DC858AA}.Debug|Any CPU.Build.0 = Debug|Any CPU
		{CDFD24B5-A8CA-4C5E-A95C-27258DC858AA}.Debug|arm64.ActiveCfg = Debug|Any CPU
		{CDFD24B5-A8CA-4C5E-A95C-27258DC858AA}.Debug|arm64.Build.0 = Debug|Any CPU
		{CDFD24B5-A8CA-4C5E-A95C-27258DC858AA}.Debug|x64.ActiveCfg = Debug|Any CPU
		{CDFD24B5-A8CA-4C5E-A95C-27258DC858AA}.Debug|x64.Build.0 = Debug|Any CPU
		{CDFD24B5-A8CA-4C5E-A95C-27258DC858AA}.Debug|x86.ActiveCfg = Debug|Any CPU
		{CDFD24B5-A8CA-4C5E-A95C-27258DC858AA}.Debug|x86.Build.0 = Debug|Any CPU
		{CDFD24B5-A8CA-4C5E-A95C-27258DC858AA}.Release|Any CPU.ActiveCfg = Release|Any CPU
		{CDFD24B5-A8CA-4C5E-A95C-27258DC858AA}.Release|Any CPU.Build.0 = Release|Any CPU
		{CDFD24B5-A8CA-4C5E-A95C-27258DC858AA}.Release|arm64.ActiveCfg = Release|Any CPU
		{CDFD24B5-A8CA-4C5E-A95C-27258DC858AA}.Release|arm64.Build.0 = Release|Any CPU
		{CDFD24B5-A8CA-4C5E-A95C-27258DC858AA}.Release|x64.ActiveCfg = Release|Any CPU
		{CDFD24B5-A8CA-4C5E-A95C-27258DC858AA}.Release|x64.Build.0 = Release|Any CPU
		{CDFD24B5-A8CA-4C5E-A95C-27258DC858AA}.Release|x86.ActiveCfg = Release|Any CPU
		{CDFD24B5-A8CA-4C5E-A95C-27258DC858AA}.Release|x86.Build.0 = Release|Any CPU
		{1BBC9913-AB0C-4FB4-AE30-37E7DB50B6ED}.Debug|Any CPU.ActiveCfg = Debug|Any CPU
		{1BBC9913-AB0C-4FB4-AE30-37E7DB50B6ED}.Debug|Any CPU.Build.0 = Debug|Any CPU
		{1BBC9913-AB0C-4FB4-AE30-37E7DB50B6ED}.Debug|arm64.ActiveCfg = Debug|Any CPU
		{1BBC9913-AB0C-4FB4-AE30-37E7DB50B6ED}.Debug|arm64.Build.0 = Debug|Any CPU
		{1BBC9913-AB0C-4FB4-AE30-37E7DB50B6ED}.Debug|x64.ActiveCfg = Debug|Any CPU
		{1BBC9913-AB0C-4FB4-AE30-37E7DB50B6ED}.Debug|x64.Build.0 = Debug|Any CPU
		{1BBC9913-AB0C-4FB4-AE30-37E7DB50B6ED}.Debug|x86.ActiveCfg = Debug|Any CPU
		{1BBC9913-AB0C-4FB4-AE30-37E7DB50B6ED}.Debug|x86.Build.0 = Debug|Any CPU
		{1BBC9913-AB0C-4FB4-AE30-37E7DB50B6ED}.Release|Any CPU.ActiveCfg = Release|Any CPU
		{1BBC9913-AB0C-4FB4-AE30-37E7DB50B6ED}.Release|Any CPU.Build.0 = Release|Any CPU
		{1BBC9913-AB0C-4FB4-AE30-37E7DB50B6ED}.Release|arm64.ActiveCfg = Release|Any CPU
		{1BBC9913-AB0C-4FB4-AE30-37E7DB50B6ED}.Release|arm64.Build.0 = Release|Any CPU
		{1BBC9913-AB0C-4FB4-AE30-37E7DB50B6ED}.Release|x64.ActiveCfg = Release|Any CPU
		{1BBC9913-AB0C-4FB4-AE30-37E7DB50B6ED}.Release|x64.Build.0 = Release|Any CPU
		{1BBC9913-AB0C-4FB4-AE30-37E7DB50B6ED}.Release|x86.ActiveCfg = Release|Any CPU
		{1BBC9913-AB0C-4FB4-AE30-37E7DB50B6ED}.Release|x86.Build.0 = Release|Any CPU
		{1DC6C6F3-EB3F-4065-9966-A6034B743BF5}.Debug|Any CPU.ActiveCfg = Debug|Any CPU
		{1DC6C6F3-EB3F-4065-9966-A6034B743BF5}.Debug|Any CPU.Build.0 = Debug|Any CPU
		{1DC6C6F3-EB3F-4065-9966-A6034B743BF5}.Debug|arm64.ActiveCfg = Debug|Any CPU
		{1DC6C6F3-EB3F-4065-9966-A6034B743BF5}.Debug|arm64.Build.0 = Debug|Any CPU
		{1DC6C6F3-EB3F-4065-9966-A6034B743BF5}.Debug|x64.ActiveCfg = Debug|Any CPU
		{1DC6C6F3-EB3F-4065-9966-A6034B743BF5}.Debug|x64.Build.0 = Debug|Any CPU
		{1DC6C6F3-EB3F-4065-9966-A6034B743BF5}.Debug|x86.ActiveCfg = Debug|Any CPU
		{1DC6C6F3-EB3F-4065-9966-A6034B743BF5}.Debug|x86.Build.0 = Debug|Any CPU
		{1DC6C6F3-EB3F-4065-9966-A6034B743BF5}.Release|Any CPU.ActiveCfg = Release|Any CPU
		{1DC6C6F3-EB3F-4065-9966-A6034B743BF5}.Release|Any CPU.Build.0 = Release|Any CPU
		{1DC6C6F3-EB3F-4065-9966-A6034B743BF5}.Release|arm64.ActiveCfg = Release|Any CPU
		{1DC6C6F3-EB3F-4065-9966-A6034B743BF5}.Release|arm64.Build.0 = Release|Any CPU
		{1DC6C6F3-EB3F-4065-9966-A6034B743BF5}.Release|x64.ActiveCfg = Release|Any CPU
		{1DC6C6F3-EB3F-4065-9966-A6034B743BF5}.Release|x64.Build.0 = Release|Any CPU
		{1DC6C6F3-EB3F-4065-9966-A6034B743BF5}.Release|x86.ActiveCfg = Release|Any CPU
		{1DC6C6F3-EB3F-4065-9966-A6034B743BF5}.Release|x86.Build.0 = Release|Any CPU
		{B8DD5026-4F0F-491E-8E6E-FB92C188E992}.Debug|Any CPU.ActiveCfg = Debug|Any CPU
		{B8DD5026-4F0F-491E-8E6E-FB92C188E992}.Debug|Any CPU.Build.0 = Debug|Any CPU
		{B8DD5026-4F0F-491E-8E6E-FB92C188E992}.Debug|arm64.ActiveCfg = Debug|Any CPU
		{B8DD5026-4F0F-491E-8E6E-FB92C188E992}.Debug|arm64.Build.0 = Debug|Any CPU
		{B8DD5026-4F0F-491E-8E6E-FB92C188E992}.Debug|x64.ActiveCfg = Debug|Any CPU
		{B8DD5026-4F0F-491E-8E6E-FB92C188E992}.Debug|x64.Build.0 = Debug|Any CPU
		{B8DD5026-4F0F-491E-8E6E-FB92C188E992}.Debug|x86.ActiveCfg = Debug|Any CPU
		{B8DD5026-4F0F-491E-8E6E-FB92C188E992}.Debug|x86.Build.0 = Debug|Any CPU
		{B8DD5026-4F0F-491E-8E6E-FB92C188E992}.Release|Any CPU.ActiveCfg = Release|Any CPU
		{B8DD5026-4F0F-491E-8E6E-FB92C188E992}.Release|Any CPU.Build.0 = Release|Any CPU
		{B8DD5026-4F0F-491E-8E6E-FB92C188E992}.Release|arm64.ActiveCfg = Release|Any CPU
		{B8DD5026-4F0F-491E-8E6E-FB92C188E992}.Release|arm64.Build.0 = Release|Any CPU
		{B8DD5026-4F0F-491E-8E6E-FB92C188E992}.Release|x64.ActiveCfg = Release|Any CPU
		{B8DD5026-4F0F-491E-8E6E-FB92C188E992}.Release|x64.Build.0 = Release|Any CPU
		{B8DD5026-4F0F-491E-8E6E-FB92C188E992}.Release|x86.ActiveCfg = Release|Any CPU
		{B8DD5026-4F0F-491E-8E6E-FB92C188E992}.Release|x86.Build.0 = Release|Any CPU
		{85B675EC-9E21-4205-97C1-A494E8FD7CFE}.Debug|Any CPU.ActiveCfg = Debug|Any CPU
		{85B675EC-9E21-4205-97C1-A494E8FD7CFE}.Debug|Any CPU.Build.0 = Debug|Any CPU
		{85B675EC-9E21-4205-97C1-A494E8FD7CFE}.Debug|arm64.ActiveCfg = Debug|Any CPU
		{85B675EC-9E21-4205-97C1-A494E8FD7CFE}.Debug|arm64.Build.0 = Debug|Any CPU
		{85B675EC-9E21-4205-97C1-A494E8FD7CFE}.Debug|x64.ActiveCfg = Debug|Any CPU
		{85B675EC-9E21-4205-97C1-A494E8FD7CFE}.Debug|x64.Build.0 = Debug|Any CPU
		{85B675EC-9E21-4205-97C1-A494E8FD7CFE}.Debug|x86.ActiveCfg = Debug|Any CPU
		{85B675EC-9E21-4205-97C1-A494E8FD7CFE}.Debug|x86.Build.0 = Debug|Any CPU
		{85B675EC-9E21-4205-97C1-A494E8FD7CFE}.Release|Any CPU.ActiveCfg = Release|Any CPU
		{85B675EC-9E21-4205-97C1-A494E8FD7CFE}.Release|Any CPU.Build.0 = Release|Any CPU
		{85B675EC-9E21-4205-97C1-A494E8FD7CFE}.Release|arm64.ActiveCfg = Release|Any CPU
		{85B675EC-9E21-4205-97C1-A494E8FD7CFE}.Release|arm64.Build.0 = Release|Any CPU
		{85B675EC-9E21-4205-97C1-A494E8FD7CFE}.Release|x64.ActiveCfg = Release|Any CPU
		{85B675EC-9E21-4205-97C1-A494E8FD7CFE}.Release|x64.Build.0 = Release|Any CPU
		{85B675EC-9E21-4205-97C1-A494E8FD7CFE}.Release|x86.ActiveCfg = Release|Any CPU
		{85B675EC-9E21-4205-97C1-A494E8FD7CFE}.Release|x86.Build.0 = Release|Any CPU
		{DF697DC6-3888-4861-955F-557239D6AA6B}.Debug|Any CPU.ActiveCfg = Debug|Any CPU
		{DF697DC6-3888-4861-955F-557239D6AA6B}.Debug|Any CPU.Build.0 = Debug|Any CPU
		{DF697DC6-3888-4861-955F-557239D6AA6B}.Debug|arm64.ActiveCfg = Debug|Any CPU
		{DF697DC6-3888-4861-955F-557239D6AA6B}.Debug|arm64.Build.0 = Debug|Any CPU
		{DF697DC6-3888-4861-955F-557239D6AA6B}.Debug|x64.ActiveCfg = Debug|Any CPU
		{DF697DC6-3888-4861-955F-557239D6AA6B}.Debug|x64.Build.0 = Debug|Any CPU
		{DF697DC6-3888-4861-955F-557239D6AA6B}.Debug|x86.ActiveCfg = Debug|Any CPU
		{DF697DC6-3888-4861-955F-557239D6AA6B}.Debug|x86.Build.0 = Debug|Any CPU
		{DF697DC6-3888-4861-955F-557239D6AA6B}.Release|Any CPU.ActiveCfg = Release|Any CPU
		{DF697DC6-3888-4861-955F-557239D6AA6B}.Release|Any CPU.Build.0 = Release|Any CPU
		{DF697DC6-3888-4861-955F-557239D6AA6B}.Release|arm64.ActiveCfg = Release|Any CPU
		{DF697DC6-3888-4861-955F-557239D6AA6B}.Release|arm64.Build.0 = Release|Any CPU
		{DF697DC6-3888-4861-955F-557239D6AA6B}.Release|x64.ActiveCfg = Release|Any CPU
		{DF697DC6-3888-4861-955F-557239D6AA6B}.Release|x64.Build.0 = Release|Any CPU
		{DF697DC6-3888-4861-955F-557239D6AA6B}.Release|x86.ActiveCfg = Release|Any CPU
		{DF697DC6-3888-4861-955F-557239D6AA6B}.Release|x86.Build.0 = Release|Any CPU
		{2C1B3E13-FFC3-46FC-82AF-E2E9BF046123}.Debug|Any CPU.ActiveCfg = Debug|Any CPU
		{2C1B3E13-FFC3-46FC-82AF-E2E9BF046123}.Debug|Any CPU.Build.0 = Debug|Any CPU
		{2C1B3E13-FFC3-46FC-82AF-E2E9BF046123}.Debug|arm64.ActiveCfg = Debug|Any CPU
		{2C1B3E13-FFC3-46FC-82AF-E2E9BF046123}.Debug|arm64.Build.0 = Debug|Any CPU
		{2C1B3E13-FFC3-46FC-82AF-E2E9BF046123}.Debug|x64.ActiveCfg = Debug|Any CPU
		{2C1B3E13-FFC3-46FC-82AF-E2E9BF046123}.Debug|x64.Build.0 = Debug|Any CPU
		{2C1B3E13-FFC3-46FC-82AF-E2E9BF046123}.Debug|x86.ActiveCfg = Debug|Any CPU
		{2C1B3E13-FFC3-46FC-82AF-E2E9BF046123}.Debug|x86.Build.0 = Debug|Any CPU
		{2C1B3E13-FFC3-46FC-82AF-E2E9BF046123}.Release|Any CPU.ActiveCfg = Release|Any CPU
		{2C1B3E13-FFC3-46FC-82AF-E2E9BF046123}.Release|Any CPU.Build.0 = Release|Any CPU
		{2C1B3E13-FFC3-46FC-82AF-E2E9BF046123}.Release|arm64.ActiveCfg = Release|Any CPU
		{2C1B3E13-FFC3-46FC-82AF-E2E9BF046123}.Release|arm64.Build.0 = Release|Any CPU
		{2C1B3E13-FFC3-46FC-82AF-E2E9BF046123}.Release|x64.ActiveCfg = Release|Any CPU
		{2C1B3E13-FFC3-46FC-82AF-E2E9BF046123}.Release|x64.Build.0 = Release|Any CPU
		{2C1B3E13-FFC3-46FC-82AF-E2E9BF046123}.Release|x86.ActiveCfg = Release|Any CPU
		{2C1B3E13-FFC3-46FC-82AF-E2E9BF046123}.Release|x86.Build.0 = Release|Any CPU
	EndGlobalSection
	GlobalSection(SolutionProperties) = preSolution
		HideSolutionNode = FALSE
	EndGlobalSection
	GlobalSection(NestedProjects) = preSolution
		{D114A309-9369-4893-9534-257447606BD7} = {3E532811-D187-4747-95F7-F774F0DBA5EA}
		{389CC10E-BDF2-4DB8-976F-07BBFF4A1133} = {F4760C1E-ABB6-4355-A42E-311BD30A1313}
		{10B7D245-DCCA-4A43-932D-295B69C326F4} = {3E532811-D187-4747-95F7-F774F0DBA5EA}
		{D535D2C5-8982-414B-BA87-D193F9CAFFF3} = {3E532811-D187-4747-95F7-F774F0DBA5EA}
		{83F7C43B-B59D-4A53-9A86-23491B5AAC40} = {F4760C1E-ABB6-4355-A42E-311BD30A1313}
		{3E532811-D187-4747-95F7-F774F0DBA5EA} = {F4760C1E-ABB6-4355-A42E-311BD30A1313}
		{CDFD24B5-A8CA-4C5E-A95C-27258DC858AA} = {DAB528BD-AAC2-479A-861C-FB2CE1EAC781}
		{1BBC9913-AB0C-4FB4-AE30-37E7DB50B6ED} = {DAB528BD-AAC2-479A-861C-FB2CE1EAC781}
		{DAB528BD-AAC2-479A-861C-FB2CE1EAC781} = {F4760C1E-ABB6-4355-A42E-311BD30A1313}
		{1DC6C6F3-EB3F-4065-9966-A6034B743BF5} = {788F1124-7330-4333-B4BC-2C73F00E462F}
		{B8DD5026-4F0F-491E-8E6E-FB92C188E992} = {A17D4BE0-37C5-473B-9C57-ADFEBFF25DD9}
		{A17D4BE0-37C5-473B-9C57-ADFEBFF25DD9} = {9B2106B7-4D61-411A-B9AE-46ECA3055F42}
		{788F1124-7330-4333-B4BC-2C73F00E462F} = {9B2106B7-4D61-411A-B9AE-46ECA3055F42}
		{DF697DC6-3888-4861-955F-557239D6AA6B} = {F4760C1E-ABB6-4355-A42E-311BD30A1313}
		{2C1B3E13-FFC3-46FC-82AF-E2E9BF046123} = {83F7C43B-B59D-4A53-9A86-23491B5AAC40}
	EndGlobalSection
	GlobalSection(ExtensibilityGlobals) = postSolution
		SolutionGuid = {1426913A-7024-4877-8B12-97D36034EDC9}
	EndGlobalSection
EndGlobal
