
Microsoft Visual Studio Solution File, Format Version 12.00
# Visual Studio Version 17
VisualStudioVersion = 17.0.31512.422
MinimumVisualStudioVersion = 10.0.40219.1
Project("{9A19103F-16F7-4668-BE54-9A1E7A4F7556}") = "Sparc.Blossom.Core", "Sparc.Blossom.Core\Sparc.Blossom.Core.csproj", "{01C91A5C-3145-47E1-9852-C9EEF80F378D}"
EndProject
Project("{9A19103F-16F7-4668-BE54-9A1E7A4F7556}") = "Sparc.Blossom.Data.Cosmos", "Sparc.Blossom.Data.Cosmos\Sparc.Blossom.Data.Cosmos.csproj", "{D114A309-9369-4893-9534-257447606BD7}"
EndProject
Project("{9A19103F-16F7-4668-BE54-9A1E7A4F7556}") = "Sparc.Blossom.Tests", "Sparc.Blossom.Tests\Sparc.Blossom.Tests.csproj", "{389CC10E-BDF2-4DB8-976F-07BBFF4A1133}"
EndProject
Project("{9A19103F-16F7-4668-BE54-9A1E7A4F7556}") = "Sparc.Blossom.Authentication.AzureADB2C", "Sparc.Blossom.Authentication.AzureADB2C\Sparc.Blossom.Authentication.AzureADB2C.csproj", "{9B632024-0D62-4D8B-8084-DE3F276F1206}"
EndProject
Project("{9A19103F-16F7-4668-BE54-9A1E7A4F7556}") = "Sparc.Blossom.Data.SqlServer", "Sparc.Blossom.Data.SqlServer\Sparc.Blossom.Data.SqlServer.csproj", "{10B7D245-DCCA-4A43-932D-295B69C326F4}"
EndProject
Project("{9A19103F-16F7-4668-BE54-9A1E7A4F7556}") = "Sparc.Blossom.Data.AzureStorage", "Sparc.Blossom.Data.AzureStorage\Sparc.Blossom.Data.AzureStorage.csproj", "{D535D2C5-8982-414B-BA87-D193F9CAFFF3}"
EndProject
Project("{2150E333-8FDC-42A3-9474-1A3956D46DE8}") = "Sparc.Blossom.Authentication", "Sparc.Blossom.Authentication", "{83F7C43B-B59D-4A53-9A86-23491B5AAC40}"
EndProject
Project("{2150E333-8FDC-42A3-9474-1A3956D46DE8}") = "Sparc.Blossom.Data", "Sparc.Blossom.Data", "{3E532811-D187-4747-95F7-F774F0DBA5EA}"
EndProject
Project("{9A19103F-16F7-4668-BE54-9A1E7A4F7556}") = "Sparc.Blossom.Realtime.Twilio", "Sparc.Blossom.Realtime.Twilio\Sparc.Blossom.Realtime.Twilio.csproj", "{CDFD24B5-A8CA-4C5E-A95C-27258DC858AA}"
EndProject
Project("{9A19103F-16F7-4668-BE54-9A1E7A4F7556}") = "Sparc.Blossom.Realtime.Azure", "Sparc.Blossom.Realtime.Azure\Sparc.Blossom.Realtime.Azure.csproj", "{1BBC9913-AB0C-4FB4-AE30-37E7DB50B6ED}"
EndProject
Project("{2150E333-8FDC-42A3-9474-1A3956D46DE8}") = "Sparc.Blossom.Realtime", "Sparc.Blossom.Realtime", "{DAB528BD-AAC2-479A-861C-FB2CE1EAC781}"
EndProject
Project("{9A19103F-16F7-4668-BE54-9A1E7A4F7556}") = "Sparc.Blossom.Server", "Sparc.Blossom.Server\Sparc.Blossom.Server.csproj", "{2145AE9A-BFBA-45EB-AE68-67AC74703BAC}"
EndProject
Project("{9A19103F-16F7-4668-BE54-9A1E7A4F7556}") = "Sparc.Blossom.Client", "Sparc.Blossom.Client\Sparc.Blossom.Client.csproj", "{CDEAE8A4-B568-4AAE-A902-1532A4F30F19}"
EndProject
Project("{2150E333-8FDC-42A3-9474-1A3956D46DE8}") = "Plugins", "Plugins", "{F4760C1E-ABB6-4355-A42E-311BD30A1313}"
EndProject
Project("{9A19103F-16F7-4668-BE54-9A1E7A4F7556}") = "Sparc.Blossom.Server.ApiGenerator", "Sparc.Blossom.Server.ApiGenerator\Sparc.Blossom.Server.ApiGenerator.csproj", "{EA82F972-99F4-4D65-9244-E27864B9B606}"
EndProject
Project("{2150E333-8FDC-42A3-9474-1A3956D46DE8}") = "Example", "Example", "{4D87D265-A2BF-4B3E-8325-907F87F0E999}"
EndProject
Project("{9A19103F-16F7-4668-BE54-9A1E7A4F7556}") = "Sparc.Blossom.Server.Example", "Sparc.Blossom.Server.Example\Sparc.Blossom.Server.Example.csproj", "{229C8D0A-5CE1-4335-BC64-E5FF301D318A}"
EndProject
Project("{FAE04EC0-301F-11D3-BF4B-00C04F79EFBC}") = "Sparc.Blossom.Client.Example", "Sparc.Blossom.Client.Example\Sparc.Blossom.Client.Example.csproj", "{2662EF04-5E42-42D9-AA3A-A8A2BB5E62C0}"
EndProject
Global
	GlobalSection(SolutionConfigurationPlatforms) = preSolution
		Debug|Any CPU = Debug|Any CPU
		Debug|arm64 = Debug|arm64
		Debug|x64 = Debug|x64
		Debug|x86 = Debug|x86
		Release|Any CPU = Release|Any CPU
		Release|arm64 = Release|arm64
		Release|x64 = Release|x64
		Release|x86 = Release|x86
	EndGlobalSection
	GlobalSection(ProjectConfigurationPlatforms) = postSolution
		{01C91A5C-3145-47E1-9852-C9EEF80F378D}.Debug|Any CPU.ActiveCfg = Debug|Any CPU
		{01C91A5C-3145-47E1-9852-C9EEF80F378D}.Debug|Any CPU.Build.0 = Debug|Any CPU
		{01C91A5C-3145-47E1-9852-C9EEF80F378D}.Debug|arm64.ActiveCfg = Debug|Any CPU
		{01C91A5C-3145-47E1-9852-C9EEF80F378D}.Debug|arm64.Build.0 = Debug|Any CPU
		{01C91A5C-3145-47E1-9852-C9EEF80F378D}.Debug|x64.ActiveCfg = Debug|Any CPU
		{01C91A5C-3145-47E1-9852-C9EEF80F378D}.Debug|x64.Build.0 = Debug|Any CPU
		{01C91A5C-3145-47E1-9852-C9EEF80F378D}.Debug|x86.ActiveCfg = Debug|Any CPU
		{01C91A5C-3145-47E1-9852-C9EEF80F378D}.Debug|x86.Build.0 = Debug|Any CPU
		{01C91A5C-3145-47E1-9852-C9EEF80F378D}.Release|Any CPU.ActiveCfg = Release|Any CPU
		{01C91A5C-3145-47E1-9852-C9EEF80F378D}.Release|Any CPU.Build.0 = Release|Any CPU
		{01C91A5C-3145-47E1-9852-C9EEF80F378D}.Release|arm64.ActiveCfg = Release|Any CPU
		{01C91A5C-3145-47E1-9852-C9EEF80F378D}.Release|arm64.Build.0 = Release|Any CPU
		{01C91A5C-3145-47E1-9852-C9EEF80F378D}.Release|x64.ActiveCfg = Release|Any CPU
		{01C91A5C-3145-47E1-9852-C9EEF80F378D}.Release|x64.Build.0 = Release|Any CPU
		{01C91A5C-3145-47E1-9852-C9EEF80F378D}.Release|x86.ActiveCfg = Release|Any CPU
		{01C91A5C-3145-47E1-9852-C9EEF80F378D}.Release|x86.Build.0 = Release|Any CPU
		{D114A309-9369-4893-9534-257447606BD7}.Debug|Any CPU.ActiveCfg = Debug|Any CPU
		{D114A309-9369-4893-9534-257447606BD7}.Debug|Any CPU.Build.0 = Debug|Any CPU
		{D114A309-9369-4893-9534-257447606BD7}.Debug|arm64.ActiveCfg = Debug|Any CPU
		{D114A309-9369-4893-9534-257447606BD7}.Debug|arm64.Build.0 = Debug|Any CPU
		{D114A309-9369-4893-9534-257447606BD7}.Debug|x64.ActiveCfg = Debug|Any CPU
		{D114A309-9369-4893-9534-257447606BD7}.Debug|x64.Build.0 = Debug|Any CPU
		{D114A309-9369-4893-9534-257447606BD7}.Debug|x86.ActiveCfg = Debug|Any CPU
		{D114A309-9369-4893-9534-257447606BD7}.Debug|x86.Build.0 = Debug|Any CPU
		{D114A309-9369-4893-9534-257447606BD7}.Release|Any CPU.ActiveCfg = Release|Any CPU
		{D114A309-9369-4893-9534-257447606BD7}.Release|Any CPU.Build.0 = Release|Any CPU
		{D114A309-9369-4893-9534-257447606BD7}.Release|arm64.ActiveCfg = Release|Any CPU
		{D114A309-9369-4893-9534-257447606BD7}.Release|arm64.Build.0 = Release|Any CPU
		{D114A309-9369-4893-9534-257447606BD7}.Release|x64.ActiveCfg = Release|Any CPU
		{D114A309-9369-4893-9534-257447606BD7}.Release|x64.Build.0 = Release|Any CPU
		{D114A309-9369-4893-9534-257447606BD7}.Release|x86.ActiveCfg = Release|Any CPU
		{D114A309-9369-4893-9534-257447606BD7}.Release|x86.Build.0 = Release|Any CPU
		{389CC10E-BDF2-4DB8-976F-07BBFF4A1133}.Debug|Any CPU.ActiveCfg = Debug|Any CPU
		{389CC10E-BDF2-4DB8-976F-07BBFF4A1133}.Debug|Any CPU.Build.0 = Debug|Any CPU
		{389CC10E-BDF2-4DB8-976F-07BBFF4A1133}.Debug|arm64.ActiveCfg = Debug|Any CPU
		{389CC10E-BDF2-4DB8-976F-07BBFF4A1133}.Debug|arm64.Build.0 = Debug|Any CPU
		{389CC10E-BDF2-4DB8-976F-07BBFF4A1133}.Debug|x64.ActiveCfg = Debug|Any CPU
		{389CC10E-BDF2-4DB8-976F-07BBFF4A1133}.Debug|x64.Build.0 = Debug|Any CPU
		{389CC10E-BDF2-4DB8-976F-07BBFF4A1133}.Debug|x86.ActiveCfg = Debug|Any CPU
		{389CC10E-BDF2-4DB8-976F-07BBFF4A1133}.Debug|x86.Build.0 = Debug|Any CPU
		{389CC10E-BDF2-4DB8-976F-07BBFF4A1133}.Release|Any CPU.ActiveCfg = Release|Any CPU
		{389CC10E-BDF2-4DB8-976F-07BBFF4A1133}.Release|Any CPU.Build.0 = Release|Any CPU
		{389CC10E-BDF2-4DB8-976F-07BBFF4A1133}.Release|arm64.ActiveCfg = Release|Any CPU
		{389CC10E-BDF2-4DB8-976F-07BBFF4A1133}.Release|arm64.Build.0 = Release|Any CPU
		{389CC10E-BDF2-4DB8-976F-07BBFF4A1133}.Release|x64.ActiveCfg = Release|Any CPU
		{389CC10E-BDF2-4DB8-976F-07BBFF4A1133}.Release|x64.Build.0 = Release|Any CPU
		{389CC10E-BDF2-4DB8-976F-07BBFF4A1133}.Release|x86.ActiveCfg = Release|Any CPU
		{389CC10E-BDF2-4DB8-976F-07BBFF4A1133}.Release|x86.Build.0 = Release|Any CPU
		{9B632024-0D62-4D8B-8084-DE3F276F1206}.Debug|Any CPU.ActiveCfg = Debug|Any CPU
		{9B632024-0D62-4D8B-8084-DE3F276F1206}.Debug|Any CPU.Build.0 = Debug|Any CPU
		{9B632024-0D62-4D8B-8084-DE3F276F1206}.Debug|arm64.ActiveCfg = Debug|Any CPU
		{9B632024-0D62-4D8B-8084-DE3F276F1206}.Debug|arm64.Build.0 = Debug|Any CPU
		{9B632024-0D62-4D8B-8084-DE3F276F1206}.Debug|x64.ActiveCfg = Debug|Any CPU
		{9B632024-0D62-4D8B-8084-DE3F276F1206}.Debug|x64.Build.0 = Debug|Any CPU
		{9B632024-0D62-4D8B-8084-DE3F276F1206}.Debug|x86.ActiveCfg = Debug|Any CPU
		{9B632024-0D62-4D8B-8084-DE3F276F1206}.Debug|x86.Build.0 = Debug|Any CPU
		{9B632024-0D62-4D8B-8084-DE3F276F1206}.Release|Any CPU.ActiveCfg = Release|Any CPU
		{9B632024-0D62-4D8B-8084-DE3F276F1206}.Release|Any CPU.Build.0 = Release|Any CPU
		{9B632024-0D62-4D8B-8084-DE3F276F1206}.Release|arm64.ActiveCfg = Release|Any CPU
		{9B632024-0D62-4D8B-8084-DE3F276F1206}.Release|arm64.Build.0 = Release|Any CPU
		{9B632024-0D62-4D8B-8084-DE3F276F1206}.Release|x64.ActiveCfg = Release|Any CPU
		{9B632024-0D62-4D8B-8084-DE3F276F1206}.Release|x64.Build.0 = Release|Any CPU
		{9B632024-0D62-4D8B-8084-DE3F276F1206}.Release|x86.ActiveCfg = Release|Any CPU
		{9B632024-0D62-4D8B-8084-DE3F276F1206}.Release|x86.Build.0 = Release|Any CPU
		{10B7D245-DCCA-4A43-932D-295B69C326F4}.Debug|Any CPU.ActiveCfg = Debug|Any CPU
		{10B7D245-DCCA-4A43-932D-295B69C326F4}.Debug|Any CPU.Build.0 = Debug|Any CPU
		{10B7D245-DCCA-4A43-932D-295B69C326F4}.Debug|arm64.ActiveCfg = Debug|Any CPU
		{10B7D245-DCCA-4A43-932D-295B69C326F4}.Debug|arm64.Build.0 = Debug|Any CPU
		{10B7D245-DCCA-4A43-932D-295B69C326F4}.Debug|x64.ActiveCfg = Debug|Any CPU
		{10B7D245-DCCA-4A43-932D-295B69C326F4}.Debug|x64.Build.0 = Debug|Any CPU
		{10B7D245-DCCA-4A43-932D-295B69C326F4}.Debug|x86.ActiveCfg = Debug|Any CPU
		{10B7D245-DCCA-4A43-932D-295B69C326F4}.Debug|x86.Build.0 = Debug|Any CPU
		{10B7D245-DCCA-4A43-932D-295B69C326F4}.Release|Any CPU.ActiveCfg = Release|Any CPU
		{10B7D245-DCCA-4A43-932D-295B69C326F4}.Release|Any CPU.Build.0 = Release|Any CPU
		{10B7D245-DCCA-4A43-932D-295B69C326F4}.Release|arm64.ActiveCfg = Release|Any CPU
		{10B7D245-DCCA-4A43-932D-295B69C326F4}.Release|arm64.Build.0 = Release|Any CPU
		{10B7D245-DCCA-4A43-932D-295B69C326F4}.Release|x64.ActiveCfg = Release|Any CPU
		{10B7D245-DCCA-4A43-932D-295B69C326F4}.Release|x64.Build.0 = Release|Any CPU
		{10B7D245-DCCA-4A43-932D-295B69C326F4}.Release|x86.ActiveCfg = Release|Any CPU
		{10B7D245-DCCA-4A43-932D-295B69C326F4}.Release|x86.Build.0 = Release|Any CPU
		{D535D2C5-8982-414B-BA87-D193F9CAFFF3}.Debug|Any CPU.ActiveCfg = Debug|Any CPU
		{D535D2C5-8982-414B-BA87-D193F9CAFFF3}.Debug|Any CPU.Build.0 = Debug|Any CPU
		{D535D2C5-8982-414B-BA87-D193F9CAFFF3}.Debug|arm64.ActiveCfg = Debug|Any CPU
		{D535D2C5-8982-414B-BA87-D193F9CAFFF3}.Debug|arm64.Build.0 = Debug|Any CPU
		{D535D2C5-8982-414B-BA87-D193F9CAFFF3}.Debug|x64.ActiveCfg = Debug|Any CPU
		{D535D2C5-8982-414B-BA87-D193F9CAFFF3}.Debug|x64.Build.0 = Debug|Any CPU
		{D535D2C5-8982-414B-BA87-D193F9CAFFF3}.Debug|x86.ActiveCfg = Debug|Any CPU
		{D535D2C5-8982-414B-BA87-D193F9CAFFF3}.Debug|x86.Build.0 = Debug|Any CPU
		{D535D2C5-8982-414B-BA87-D193F9CAFFF3}.Release|Any CPU.ActiveCfg = Release|Any CPU
		{D535D2C5-8982-414B-BA87-D193F9CAFFF3}.Release|Any CPU.Build.0 = Release|Any CPU
		{D535D2C5-8982-414B-BA87-D193F9CAFFF3}.Release|arm64.ActiveCfg = Release|Any CPU
		{D535D2C5-8982-414B-BA87-D193F9CAFFF3}.Release|arm64.Build.0 = Release|Any CPU
		{D535D2C5-8982-414B-BA87-D193F9CAFFF3}.Release|x64.ActiveCfg = Release|Any CPU
		{D535D2C5-8982-414B-BA87-D193F9CAFFF3}.Release|x64.Build.0 = Release|Any CPU
		{D535D2C5-8982-414B-BA87-D193F9CAFFF3}.Release|x86.ActiveCfg = Release|Any CPU
		{D535D2C5-8982-414B-BA87-D193F9CAFFF3}.Release|x86.Build.0 = Release|Any CPU
		{CDFD24B5-A8CA-4C5E-A95C-27258DC858AA}.Debug|Any CPU.ActiveCfg = Debug|Any CPU
		{CDFD24B5-A8CA-4C5E-A95C-27258DC858AA}.Debug|Any CPU.Build.0 = Debug|Any CPU
		{CDFD24B5-A8CA-4C5E-A95C-27258DC858AA}.Debug|arm64.ActiveCfg = Debug|Any CPU
		{CDFD24B5-A8CA-4C5E-A95C-27258DC858AA}.Debug|arm64.Build.0 = Debug|Any CPU
		{CDFD24B5-A8CA-4C5E-A95C-27258DC858AA}.Debug|x64.ActiveCfg = Debug|Any CPU
		{CDFD24B5-A8CA-4C5E-A95C-27258DC858AA}.Debug|x64.Build.0 = Debug|Any CPU
		{CDFD24B5-A8CA-4C5E-A95C-27258DC858AA}.Debug|x86.ActiveCfg = Debug|Any CPU
		{CDFD24B5-A8CA-4C5E-A95C-27258DC858AA}.Debug|x86.Build.0 = Debug|Any CPU
		{CDFD24B5-A8CA-4C5E-A95C-27258DC858AA}.Release|Any CPU.ActiveCfg = Release|Any CPU
		{CDFD24B5-A8CA-4C5E-A95C-27258DC858AA}.Release|Any CPU.Build.0 = Release|Any CPU
		{CDFD24B5-A8CA-4C5E-A95C-27258DC858AA}.Release|arm64.ActiveCfg = Release|Any CPU
		{CDFD24B5-A8CA-4C5E-A95C-27258DC858AA}.Release|arm64.Build.0 = Release|Any CPU
		{CDFD24B5-A8CA-4C5E-A95C-27258DC858AA}.Release|x64.ActiveCfg = Release|Any CPU
		{CDFD24B5-A8CA-4C5E-A95C-27258DC858AA}.Release|x64.Build.0 = Release|Any CPU
		{CDFD24B5-A8CA-4C5E-A95C-27258DC858AA}.Release|x86.ActiveCfg = Release|Any CPU
		{CDFD24B5-A8CA-4C5E-A95C-27258DC858AA}.Release|x86.Build.0 = Release|Any CPU
		{1BBC9913-AB0C-4FB4-AE30-37E7DB50B6ED}.Debug|Any CPU.ActiveCfg = Debug|Any CPU
		{1BBC9913-AB0C-4FB4-AE30-37E7DB50B6ED}.Debug|Any CPU.Build.0 = Debug|Any CPU
		{1BBC9913-AB0C-4FB4-AE30-37E7DB50B6ED}.Debug|arm64.ActiveCfg = Debug|Any CPU
		{1BBC9913-AB0C-4FB4-AE30-37E7DB50B6ED}.Debug|arm64.Build.0 = Debug|Any CPU
		{1BBC9913-AB0C-4FB4-AE30-37E7DB50B6ED}.Debug|x64.ActiveCfg = Debug|Any CPU
		{1BBC9913-AB0C-4FB4-AE30-37E7DB50B6ED}.Debug|x64.Build.0 = Debug|Any CPU
		{1BBC9913-AB0C-4FB4-AE30-37E7DB50B6ED}.Debug|x86.ActiveCfg = Debug|Any CPU
		{1BBC9913-AB0C-4FB4-AE30-37E7DB50B6ED}.Debug|x86.Build.0 = Debug|Any CPU
		{1BBC9913-AB0C-4FB4-AE30-37E7DB50B6ED}.Release|Any CPU.ActiveCfg = Release|Any CPU
		{1BBC9913-AB0C-4FB4-AE30-37E7DB50B6ED}.Release|Any CPU.Build.0 = Release|Any CPU
		{1BBC9913-AB0C-4FB4-AE30-37E7DB50B6ED}.Release|arm64.ActiveCfg = Release|Any CPU
		{1BBC9913-AB0C-4FB4-AE30-37E7DB50B6ED}.Release|arm64.Build.0 = Release|Any CPU
		{1BBC9913-AB0C-4FB4-AE30-37E7DB50B6ED}.Release|x64.ActiveCfg = Release|Any CPU
		{1BBC9913-AB0C-4FB4-AE30-37E7DB50B6ED}.Release|x64.Build.0 = Release|Any CPU
		{1BBC9913-AB0C-4FB4-AE30-37E7DB50B6ED}.Release|x86.ActiveCfg = Release|Any CPU
		{1BBC9913-AB0C-4FB4-AE30-37E7DB50B6ED}.Release|x86.Build.0 = Release|Any CPU
		{2145AE9A-BFBA-45EB-AE68-67AC74703BAC}.Debug|Any CPU.ActiveCfg = Debug|Any CPU
		{2145AE9A-BFBA-45EB-AE68-67AC74703BAC}.Debug|Any CPU.Build.0 = Debug|Any CPU
		{2145AE9A-BFBA-45EB-AE68-67AC74703BAC}.Debug|arm64.ActiveCfg = Debug|Any CPU
		{2145AE9A-BFBA-45EB-AE68-67AC74703BAC}.Debug|arm64.Build.0 = Debug|Any CPU
		{2145AE9A-BFBA-45EB-AE68-67AC74703BAC}.Debug|x64.ActiveCfg = Debug|Any CPU
		{2145AE9A-BFBA-45EB-AE68-67AC74703BAC}.Debug|x64.Build.0 = Debug|Any CPU
		{2145AE9A-BFBA-45EB-AE68-67AC74703BAC}.Debug|x86.ActiveCfg = Debug|Any CPU
		{2145AE9A-BFBA-45EB-AE68-67AC74703BAC}.Debug|x86.Build.0 = Debug|Any CPU
		{2145AE9A-BFBA-45EB-AE68-67AC74703BAC}.Release|Any CPU.ActiveCfg = Release|Any CPU
		{2145AE9A-BFBA-45EB-AE68-67AC74703BAC}.Release|Any CPU.Build.0 = Release|Any CPU
		{2145AE9A-BFBA-45EB-AE68-67AC74703BAC}.Release|arm64.ActiveCfg = Release|Any CPU
		{2145AE9A-BFBA-45EB-AE68-67AC74703BAC}.Release|arm64.Build.0 = Release|Any CPU
		{2145AE9A-BFBA-45EB-AE68-67AC74703BAC}.Release|x64.ActiveCfg = Release|Any CPU
		{2145AE9A-BFBA-45EB-AE68-67AC74703BAC}.Release|x64.Build.0 = Release|Any CPU
		{2145AE9A-BFBA-45EB-AE68-67AC74703BAC}.Release|x86.ActiveCfg = Release|Any CPU
		{2145AE9A-BFBA-45EB-AE68-67AC74703BAC}.Release|x86.Build.0 = Release|Any CPU
		{CDEAE8A4-B568-4AAE-A902-1532A4F30F19}.Debug|Any CPU.ActiveCfg = Debug|Any CPU
		{CDEAE8A4-B568-4AAE-A902-1532A4F30F19}.Debug|Any CPU.Build.0 = Debug|Any CPU
		{CDEAE8A4-B568-4AAE-A902-1532A4F30F19}.Debug|arm64.ActiveCfg = Debug|Any CPU
		{CDEAE8A4-B568-4AAE-A902-1532A4F30F19}.Debug|arm64.Build.0 = Debug|Any CPU
		{CDEAE8A4-B568-4AAE-A902-1532A4F30F19}.Debug|x64.ActiveCfg = Debug|Any CPU
		{CDEAE8A4-B568-4AAE-A902-1532A4F30F19}.Debug|x64.Build.0 = Debug|Any CPU
		{CDEAE8A4-B568-4AAE-A902-1532A4F30F19}.Debug|x86.ActiveCfg = Debug|Any CPU
		{CDEAE8A4-B568-4AAE-A902-1532A4F30F19}.Debug|x86.Build.0 = Debug|Any CPU
		{CDEAE8A4-B568-4AAE-A902-1532A4F30F19}.Release|Any CPU.ActiveCfg = Release|Any CPU
		{CDEAE8A4-B568-4AAE-A902-1532A4F30F19}.Release|Any CPU.Build.0 = Release|Any CPU
		{CDEAE8A4-B568-4AAE-A902-1532A4F30F19}.Release|arm64.ActiveCfg = Release|Any CPU
		{CDEAE8A4-B568-4AAE-A902-1532A4F30F19}.Release|arm64.Build.0 = Release|Any CPU
		{CDEAE8A4-B568-4AAE-A902-1532A4F30F19}.Release|x64.ActiveCfg = Release|Any CPU
		{CDEAE8A4-B568-4AAE-A902-1532A4F30F19}.Release|x64.Build.0 = Release|Any CPU
		{CDEAE8A4-B568-4AAE-A902-1532A4F30F19}.Release|x86.ActiveCfg = Release|Any CPU
		{CDEAE8A4-B568-4AAE-A902-1532A4F30F19}.Release|x86.Build.0 = Release|Any CPU
		{EA82F972-99F4-4D65-9244-E27864B9B606}.Debug|Any CPU.ActiveCfg = Debug|Any CPU
		{EA82F972-99F4-4D65-9244-E27864B9B606}.Debug|Any CPU.Build.0 = Debug|Any CPU
		{EA82F972-99F4-4D65-9244-E27864B9B606}.Debug|arm64.ActiveCfg = Debug|Any CPU
		{EA82F972-99F4-4D65-9244-E27864B9B606}.Debug|arm64.Build.0 = Debug|Any CPU
		{EA82F972-99F4-4D65-9244-E27864B9B606}.Debug|x64.ActiveCfg = Debug|Any CPU
		{EA82F972-99F4-4D65-9244-E27864B9B606}.Debug|x64.Build.0 = Debug|Any CPU
		{EA82F972-99F4-4D65-9244-E27864B9B606}.Debug|x86.ActiveCfg = Debug|Any CPU
		{EA82F972-99F4-4D65-9244-E27864B9B606}.Debug|x86.Build.0 = Debug|Any CPU
		{EA82F972-99F4-4D65-9244-E27864B9B606}.Release|Any CPU.ActiveCfg = Release|Any CPU
		{EA82F972-99F4-4D65-9244-E27864B9B606}.Release|Any CPU.Build.0 = Release|Any CPU
		{EA82F972-99F4-4D65-9244-E27864B9B606}.Release|arm64.ActiveCfg = Release|Any CPU
		{EA82F972-99F4-4D65-9244-E27864B9B606}.Release|arm64.Build.0 = Release|Any CPU
		{EA82F972-99F4-4D65-9244-E27864B9B606}.Release|x64.ActiveCfg = Release|Any CPU
		{EA82F972-99F4-4D65-9244-E27864B9B606}.Release|x64.Build.0 = Release|Any CPU
		{EA82F972-99F4-4D65-9244-E27864B9B606}.Release|x86.ActiveCfg = Release|Any CPU
		{EA82F972-99F4-4D65-9244-E27864B9B606}.Release|x86.Build.0 = Release|Any CPU
		{229C8D0A-5CE1-4335-BC64-E5FF301D318A}.Debug|Any CPU.ActiveCfg = Debug|Any CPU
		{229C8D0A-5CE1-4335-BC64-E5FF301D318A}.Debug|Any CPU.Build.0 = Debug|Any CPU
		{229C8D0A-5CE1-4335-BC64-E5FF301D318A}.Debug|arm64.ActiveCfg = Debug|Any CPU
		{229C8D0A-5CE1-4335-BC64-E5FF301D318A}.Debug|arm64.Build.0 = Debug|Any CPU
		{229C8D0A-5CE1-4335-BC64-E5FF301D318A}.Debug|x64.ActiveCfg = Debug|Any CPU
		{229C8D0A-5CE1-4335-BC64-E5FF301D318A}.Debug|x64.Build.0 = Debug|Any CPU
		{229C8D0A-5CE1-4335-BC64-E5FF301D318A}.Debug|x86.ActiveCfg = Debug|Any CPU
		{229C8D0A-5CE1-4335-BC64-E5FF301D318A}.Debug|x86.Build.0 = Debug|Any CPU
		{229C8D0A-5CE1-4335-BC64-E5FF301D318A}.Release|Any CPU.ActiveCfg = Release|Any CPU
		{229C8D0A-5CE1-4335-BC64-E5FF301D318A}.Release|Any CPU.Build.0 = Release|Any CPU
		{229C8D0A-5CE1-4335-BC64-E5FF301D318A}.Release|arm64.ActiveCfg = Release|Any CPU
		{229C8D0A-5CE1-4335-BC64-E5FF301D318A}.Release|arm64.Build.0 = Release|Any CPU
		{229C8D0A-5CE1-4335-BC64-E5FF301D318A}.Release|x64.ActiveCfg = Release|Any CPU
		{229C8D0A-5CE1-4335-BC64-E5FF301D318A}.Release|x64.Build.0 = Release|Any CPU
		{229C8D0A-5CE1-4335-BC64-E5FF301D318A}.Release|x86.ActiveCfg = Release|Any CPU
		{229C8D0A-5CE1-4335-BC64-E5FF301D318A}.Release|x86.Build.0 = Release|Any CPU
		{2662EF04-5E42-42D9-AA3A-A8A2BB5E62C0}.Debug|Any CPU.ActiveCfg = Debug|Any CPU
		{2662EF04-5E42-42D9-AA3A-A8A2BB5E62C0}.Debug|Any CPU.Build.0 = Debug|Any CPU
		{2662EF04-5E42-42D9-AA3A-A8A2BB5E62C0}.Debug|arm64.ActiveCfg = Debug|Any CPU
		{2662EF04-5E42-42D9-AA3A-A8A2BB5E62C0}.Debug|arm64.Build.0 = Debug|Any CPU
		{2662EF04-5E42-42D9-AA3A-A8A2BB5E62C0}.Debug|x64.ActiveCfg = Debug|Any CPU
		{2662EF04-5E42-42D9-AA3A-A8A2BB5E62C0}.Debug|x64.Build.0 = Debug|Any CPU
		{2662EF04-5E42-42D9-AA3A-A8A2BB5E62C0}.Debug|x86.ActiveCfg = Debug|Any CPU
		{2662EF04-5E42-42D9-AA3A-A8A2BB5E62C0}.Debug|x86.Build.0 = Debug|Any CPU
		{2662EF04-5E42-42D9-AA3A-A8A2BB5E62C0}.Release|Any CPU.ActiveCfg = Release|Any CPU
		{2662EF04-5E42-42D9-AA3A-A8A2BB5E62C0}.Release|Any CPU.Build.0 = Release|Any CPU
		{2662EF04-5E42-42D9-AA3A-A8A2BB5E62C0}.Release|arm64.ActiveCfg = Release|Any CPU
		{2662EF04-5E42-42D9-AA3A-A8A2BB5E62C0}.Release|arm64.Build.0 = Release|Any CPU
		{2662EF04-5E42-42D9-AA3A-A8A2BB5E62C0}.Release|x64.ActiveCfg = Release|Any CPU
		{2662EF04-5E42-42D9-AA3A-A8A2BB5E62C0}.Release|x64.Build.0 = Release|Any CPU
		{2662EF04-5E42-42D9-AA3A-A8A2BB5E62C0}.Release|x86.ActiveCfg = Release|Any CPU
		{2662EF04-5E42-42D9-AA3A-A8A2BB5E62C0}.Release|x86.Build.0 = Release|Any CPU
	EndGlobalSection
	GlobalSection(SolutionProperties) = preSolution
		HideSolutionNode = FALSE
	EndGlobalSection
	GlobalSection(NestedProjects) = preSolution
		{D114A309-9369-4893-9534-257447606BD7} = {3E532811-D187-4747-95F7-F774F0DBA5EA}
		{389CC10E-BDF2-4DB8-976F-07BBFF4A1133} = {F4760C1E-ABB6-4355-A42E-311BD30A1313}
		{9B632024-0D62-4D8B-8084-DE3F276F1206} = {83F7C43B-B59D-4A53-9A86-23491B5AAC40}
		{10B7D245-DCCA-4A43-932D-295B69C326F4} = {3E532811-D187-4747-95F7-F774F0DBA5EA}
		{D535D2C5-8982-414B-BA87-D193F9CAFFF3} = {3E532811-D187-4747-95F7-F774F0DBA5EA}
		{83F7C43B-B59D-4A53-9A86-23491B5AAC40} = {F4760C1E-ABB6-4355-A42E-311BD30A1313}
		{3E532811-D187-4747-95F7-F774F0DBA5EA} = {F4760C1E-ABB6-4355-A42E-311BD30A1313}
		{CDFD24B5-A8CA-4C5E-A95C-27258DC858AA} = {DAB528BD-AAC2-479A-861C-FB2CE1EAC781}
		{1BBC9913-AB0C-4FB4-AE30-37E7DB50B6ED} = {DAB528BD-AAC2-479A-861C-FB2CE1EAC781}
		{DAB528BD-AAC2-479A-861C-FB2CE1EAC781} = {F4760C1E-ABB6-4355-A42E-311BD30A1313}
		{EA82F972-99F4-4D65-9244-E27864B9B606} = {F4760C1E-ABB6-4355-A42E-311BD30A1313}
		{229C8D0A-5CE1-4335-BC64-E5FF301D318A} = {4D87D265-A2BF-4B3E-8325-907F87F0E999}
		{2662EF04-5E42-42D9-AA3A-A8A2BB5E62C0} = {4D87D265-A2BF-4B3E-8325-907F87F0E999}
	EndGlobalSection
	GlobalSection(ExtensibilityGlobals) = postSolution
		SolutionGuid = {1426913A-7024-4877-8B12-97D36034EDC9}
	EndGlobalSection
EndGlobal
