
Microsoft Visual Studio Solution File, Format Version 12.00
# Visual Studio Version 17
VisualStudioVersion = 17.0.31512.422
MinimumVisualStudioVersion = 10.0.40219.1
Project("{9A19103F-16F7-4668-BE54-9A1E7A4F7556}") = "Sparc.Core", "Sparc.Core\Sparc.Core.csproj", "{01C91A5C-3145-47E1-9852-C9EEF80F378D}"
EndProject
Project("{9A19103F-16F7-4668-BE54-9A1E7A4F7556}") = "Sparc.Database.Cosmos", "Sparc.Database.Cosmos\Sparc.Database.Cosmos.csproj", "{D114A309-9369-4893-9534-257447606BD7}"
EndProject
Project("{9A19103F-16F7-4668-BE54-9A1E7A4F7556}") = "Sparc.Tests", "Sparc.Tests\Sparc.Tests.csproj", "{389CC10E-BDF2-4DB8-976F-07BBFF4A1133}"
EndProject
Project("{9A19103F-16F7-4668-BE54-9A1E7A4F7556}") = "Sparc.Authentication.SelfHosted", "Sparc.Authentication.SelfHosted\Sparc.Authentication.SelfHosted.csproj", "{20F4231C-1A5B-43C9-9D82-BD6CB437ADF3}"
EndProject
Project("{9A19103F-16F7-4668-BE54-9A1E7A4F7556}") = "Sparc.Authentication.AzureADB2C", "Sparc.Authentication.AzureADB2C\Sparc.Authentication.AzureADB2C.csproj", "{9B632024-0D62-4D8B-8084-DE3F276F1206}"
EndProject
Project("{9A19103F-16F7-4668-BE54-9A1E7A4F7556}") = "Sparc.Authentication.ActiveDirectory", "Sparc.Authentication.ActiveDirectory\Sparc.Authentication.ActiveDirectory.csproj", "{10D760A7-0F01-4E13-ABA1-B976FD261A19}"
EndProject
Project("{9A19103F-16F7-4668-BE54-9A1E7A4F7556}") = "Sparc.Database.SqlServer", "Sparc.Database.SqlServer\Sparc.Database.SqlServer.csproj", "{10B7D245-DCCA-4A43-932D-295B69C326F4}"
EndProject
Project("{9A19103F-16F7-4668-BE54-9A1E7A4F7556}") = "Sparc.Storage.Azure", "Sparc.Storage.Azure\Sparc.Storage.Azure.csproj", "{D535D2C5-8982-414B-BA87-D193F9CAFFF3}"
EndProject
Project("{2150E333-8FDC-42A3-9474-1A3956D46DE8}") = "Sparc.Authentication", "Sparc.Authentication", "{83F7C43B-B59D-4A53-9A86-23491B5AAC40}"
EndProject
Project("{2150E333-8FDC-42A3-9474-1A3956D46DE8}") = "Sparc.Database", "Sparc.Database", "{3E532811-D187-4747-95F7-F774F0DBA5EA}"
EndProject
Project("{2150E333-8FDC-42A3-9474-1A3956D46DE8}") = "Sparc.Shared", "Sparc.Shared", "{3FA561E3-6691-43AA-B3C0-6ED962D329FC}"
EndProject
Project("{9A19103F-16F7-4668-BE54-9A1E7A4F7556}") = "Sparc.Blossom", "Sparc.Platforms.Maui\Sparc.Blossom.csproj", "{511DD8CB-0CCD-4EF8-A4E0-E77B5598ED00}"
EndProject
Project("{9A19103F-16F7-4668-BE54-9A1E7A4F7556}") = "Sparc.Notifications.Twilio", "Sparc.Notifications.Twilio\Sparc.Notifications.Twilio.csproj", "{CDFD24B5-A8CA-4C5E-A95C-27258DC858AA}"
EndProject
Project("{9A19103F-16F7-4668-BE54-9A1E7A4F7556}") = "Sparc.Notifications.Azure", "Sparc.Notifications.Azure\Sparc.Notifications.Azure.csproj", "{1BBC9913-AB0C-4FB4-AE30-37E7DB50B6ED}"
EndProject
Project("{2150E333-8FDC-42A3-9474-1A3956D46DE8}") = "Sparc.Notifications", "Sparc.Notifications", "{DAB528BD-AAC2-479A-861C-FB2CE1EAC781}"
EndProject
Project("{2150E333-8FDC-42A3-9474-1A3956D46DE8}") = "Sparc.Storage", "Sparc.Storage", "{D4018197-1E80-46ED-A3FF-8EF2FB37060D}"
EndProject
Project("{9A19103F-16F7-4668-BE54-9A1E7A4F7556}") = "Sparc.Kernel", "Sparc.Kernel\Sparc.Kernel.csproj", "{2145AE9A-BFBA-45EB-AE68-67AC74703BAC}"
EndProject
Global
	GlobalSection(SolutionConfigurationPlatforms) = preSolution
		Debug|Any CPU = Debug|Any CPU
		Debug|arm64 = Debug|arm64
		Debug|x64 = Debug|x64
		Debug|x86 = Debug|x86
		Release|Any CPU = Release|Any CPU
		Release|arm64 = Release|arm64
		Release|x64 = Release|x64
		Release|x86 = Release|x86
	EndGlobalSection
	GlobalSection(ProjectConfigurationPlatforms) = postSolution
		{01C91A5C-3145-47E1-9852-C9EEF80F378D}.Debug|Any CPU.ActiveCfg = Debug|Any CPU
		{01C91A5C-3145-47E1-9852-C9EEF80F378D}.Debug|Any CPU.Build.0 = Debug|Any CPU
		{01C91A5C-3145-47E1-9852-C9EEF80F378D}.Debug|arm64.ActiveCfg = Debug|Any CPU
		{01C91A5C-3145-47E1-9852-C9EEF80F378D}.Debug|arm64.Build.0 = Debug|Any CPU
		{01C91A5C-3145-47E1-9852-C9EEF80F378D}.Debug|x64.ActiveCfg = Debug|Any CPU
		{01C91A5C-3145-47E1-9852-C9EEF80F378D}.Debug|x64.Build.0 = Debug|Any CPU
		{01C91A5C-3145-47E1-9852-C9EEF80F378D}.Debug|x86.ActiveCfg = Debug|Any CPU
		{01C91A5C-3145-47E1-9852-C9EEF80F378D}.Debug|x86.Build.0 = Debug|Any CPU
		{01C91A5C-3145-47E1-9852-C9EEF80F378D}.Release|Any CPU.ActiveCfg = Release|Any CPU
		{01C91A5C-3145-47E1-9852-C9EEF80F378D}.Release|Any CPU.Build.0 = Release|Any CPU
		{01C91A5C-3145-47E1-9852-C9EEF80F378D}.Release|arm64.ActiveCfg = Release|Any CPU
		{01C91A5C-3145-47E1-9852-C9EEF80F378D}.Release|arm64.Build.0 = Release|Any CPU
		{01C91A5C-3145-47E1-9852-C9EEF80F378D}.Release|x64.ActiveCfg = Release|Any CPU
		{01C91A5C-3145-47E1-9852-C9EEF80F378D}.Release|x64.Build.0 = Release|Any CPU
		{01C91A5C-3145-47E1-9852-C9EEF80F378D}.Release|x86.ActiveCfg = Release|Any CPU
		{01C91A5C-3145-47E1-9852-C9EEF80F378D}.Release|x86.Build.0 = Release|Any CPU
		{D114A309-9369-4893-9534-257447606BD7}.Debug|Any CPU.ActiveCfg = Debug|Any CPU
		{D114A309-9369-4893-9534-257447606BD7}.Debug|Any CPU.Build.0 = Debug|Any CPU
		{D114A309-9369-4893-9534-257447606BD7}.Debug|arm64.ActiveCfg = Debug|Any CPU
		{D114A309-9369-4893-9534-257447606BD7}.Debug|arm64.Build.0 = Debug|Any CPU
		{D114A309-9369-4893-9534-257447606BD7}.Debug|x64.ActiveCfg = Debug|Any CPU
		{D114A309-9369-4893-9534-257447606BD7}.Debug|x64.Build.0 = Debug|Any CPU
		{D114A309-9369-4893-9534-257447606BD7}.Debug|x86.ActiveCfg = Debug|Any CPU
		{D114A309-9369-4893-9534-257447606BD7}.Debug|x86.Build.0 = Debug|Any CPU
		{D114A309-9369-4893-9534-257447606BD7}.Release|Any CPU.ActiveCfg = Release|Any CPU
		{D114A309-9369-4893-9534-257447606BD7}.Release|Any CPU.Build.0 = Release|Any CPU
		{D114A309-9369-4893-9534-257447606BD7}.Release|arm64.ActiveCfg = Release|Any CPU
		{D114A309-9369-4893-9534-257447606BD7}.Release|arm64.Build.0 = Release|Any CPU
		{D114A309-9369-4893-9534-257447606BD7}.Release|x64.ActiveCfg = Release|Any CPU
		{D114A309-9369-4893-9534-257447606BD7}.Release|x64.Build.0 = Release|Any CPU
		{D114A309-9369-4893-9534-257447606BD7}.Release|x86.ActiveCfg = Release|Any CPU
		{D114A309-9369-4893-9534-257447606BD7}.Release|x86.Build.0 = Release|Any CPU
		{389CC10E-BDF2-4DB8-976F-07BBFF4A1133}.Debug|Any CPU.ActiveCfg = Debug|Any CPU
		{389CC10E-BDF2-4DB8-976F-07BBFF4A1133}.Debug|Any CPU.Build.0 = Debug|Any CPU
		{389CC10E-BDF2-4DB8-976F-07BBFF4A1133}.Debug|arm64.ActiveCfg = Debug|Any CPU
		{389CC10E-BDF2-4DB8-976F-07BBFF4A1133}.Debug|arm64.Build.0 = Debug|Any CPU
		{389CC10E-BDF2-4DB8-976F-07BBFF4A1133}.Debug|x64.ActiveCfg = Debug|Any CPU
		{389CC10E-BDF2-4DB8-976F-07BBFF4A1133}.Debug|x64.Build.0 = Debug|Any CPU
		{389CC10E-BDF2-4DB8-976F-07BBFF4A1133}.Debug|x86.ActiveCfg = Debug|Any CPU
		{389CC10E-BDF2-4DB8-976F-07BBFF4A1133}.Debug|x86.Build.0 = Debug|Any CPU
		{389CC10E-BDF2-4DB8-976F-07BBFF4A1133}.Release|Any CPU.ActiveCfg = Release|Any CPU
		{389CC10E-BDF2-4DB8-976F-07BBFF4A1133}.Release|Any CPU.Build.0 = Release|Any CPU
		{389CC10E-BDF2-4DB8-976F-07BBFF4A1133}.Release|arm64.ActiveCfg = Release|Any CPU
		{389CC10E-BDF2-4DB8-976F-07BBFF4A1133}.Release|arm64.Build.0 = Release|Any CPU
		{389CC10E-BDF2-4DB8-976F-07BBFF4A1133}.Release|x64.ActiveCfg = Release|Any CPU
		{389CC10E-BDF2-4DB8-976F-07BBFF4A1133}.Release|x64.Build.0 = Release|Any CPU
		{389CC10E-BDF2-4DB8-976F-07BBFF4A1133}.Release|x86.ActiveCfg = Release|Any CPU
		{389CC10E-BDF2-4DB8-976F-07BBFF4A1133}.Release|x86.Build.0 = Release|Any CPU
		{20F4231C-1A5B-43C9-9D82-BD6CB437ADF3}.Debug|Any CPU.ActiveCfg = Debug|Any CPU
		{20F4231C-1A5B-43C9-9D82-BD6CB437ADF3}.Debug|Any CPU.Build.0 = Debug|Any CPU
		{20F4231C-1A5B-43C9-9D82-BD6CB437ADF3}.Debug|arm64.ActiveCfg = Debug|Any CPU
		{20F4231C-1A5B-43C9-9D82-BD6CB437ADF3}.Debug|arm64.Build.0 = Debug|Any CPU
		{20F4231C-1A5B-43C9-9D82-BD6CB437ADF3}.Debug|x64.ActiveCfg = Debug|Any CPU
		{20F4231C-1A5B-43C9-9D82-BD6CB437ADF3}.Debug|x64.Build.0 = Debug|Any CPU
		{20F4231C-1A5B-43C9-9D82-BD6CB437ADF3}.Debug|x86.ActiveCfg = Debug|Any CPU
		{20F4231C-1A5B-43C9-9D82-BD6CB437ADF3}.Debug|x86.Build.0 = Debug|Any CPU
		{20F4231C-1A5B-43C9-9D82-BD6CB437ADF3}.Release|Any CPU.ActiveCfg = Release|Any CPU
		{20F4231C-1A5B-43C9-9D82-BD6CB437ADF3}.Release|Any CPU.Build.0 = Release|Any CPU
		{20F4231C-1A5B-43C9-9D82-BD6CB437ADF3}.Release|arm64.ActiveCfg = Release|Any CPU
		{20F4231C-1A5B-43C9-9D82-BD6CB437ADF3}.Release|arm64.Build.0 = Release|Any CPU
		{20F4231C-1A5B-43C9-9D82-BD6CB437ADF3}.Release|x64.ActiveCfg = Release|Any CPU
		{20F4231C-1A5B-43C9-9D82-BD6CB437ADF3}.Release|x64.Build.0 = Release|Any CPU
		{20F4231C-1A5B-43C9-9D82-BD6CB437ADF3}.Release|x86.ActiveCfg = Release|Any CPU
		{20F4231C-1A5B-43C9-9D82-BD6CB437ADF3}.Release|x86.Build.0 = Release|Any CPU
		{9B632024-0D62-4D8B-8084-DE3F276F1206}.Debug|Any CPU.ActiveCfg = Debug|Any CPU
		{9B632024-0D62-4D8B-8084-DE3F276F1206}.Debug|Any CPU.Build.0 = Debug|Any CPU
		{9B632024-0D62-4D8B-8084-DE3F276F1206}.Debug|arm64.ActiveCfg = Debug|Any CPU
		{9B632024-0D62-4D8B-8084-DE3F276F1206}.Debug|arm64.Build.0 = Debug|Any CPU
		{9B632024-0D62-4D8B-8084-DE3F276F1206}.Debug|x64.ActiveCfg = Debug|Any CPU
		{9B632024-0D62-4D8B-8084-DE3F276F1206}.Debug|x64.Build.0 = Debug|Any CPU
		{9B632024-0D62-4D8B-8084-DE3F276F1206}.Debug|x86.ActiveCfg = Debug|Any CPU
		{9B632024-0D62-4D8B-8084-DE3F276F1206}.Debug|x86.Build.0 = Debug|Any CPU
		{9B632024-0D62-4D8B-8084-DE3F276F1206}.Release|Any CPU.ActiveCfg = Release|Any CPU
		{9B632024-0D62-4D8B-8084-DE3F276F1206}.Release|Any CPU.Build.0 = Release|Any CPU
		{9B632024-0D62-4D8B-8084-DE3F276F1206}.Release|arm64.ActiveCfg = Release|Any CPU
		{9B632024-0D62-4D8B-8084-DE3F276F1206}.Release|arm64.Build.0 = Release|Any CPU
		{9B632024-0D62-4D8B-8084-DE3F276F1206}.Release|x64.ActiveCfg = Release|Any CPU
		{9B632024-0D62-4D8B-8084-DE3F276F1206}.Release|x64.Build.0 = Release|Any CPU
		{9B632024-0D62-4D8B-8084-DE3F276F1206}.Release|x86.ActiveCfg = Release|Any CPU
		{9B632024-0D62-4D8B-8084-DE3F276F1206}.Release|x86.Build.0 = Release|Any CPU
		{10D760A7-0F01-4E13-ABA1-B976FD261A19}.Debug|Any CPU.ActiveCfg = Debug|Any CPU
		{10D760A7-0F01-4E13-ABA1-B976FD261A19}.Debug|Any CPU.Build.0 = Debug|Any CPU
		{10D760A7-0F01-4E13-ABA1-B976FD261A19}.Debug|arm64.ActiveCfg = Debug|Any CPU
		{10D760A7-0F01-4E13-ABA1-B976FD261A19}.Debug|arm64.Build.0 = Debug|Any CPU
		{10D760A7-0F01-4E13-ABA1-B976FD261A19}.Debug|x64.ActiveCfg = Debug|Any CPU
		{10D760A7-0F01-4E13-ABA1-B976FD261A19}.Debug|x64.Build.0 = Debug|Any CPU
		{10D760A7-0F01-4E13-ABA1-B976FD261A19}.Debug|x86.ActiveCfg = Debug|Any CPU
		{10D760A7-0F01-4E13-ABA1-B976FD261A19}.Debug|x86.Build.0 = Debug|Any CPU
		{10D760A7-0F01-4E13-ABA1-B976FD261A19}.Release|Any CPU.ActiveCfg = Release|Any CPU
		{10D760A7-0F01-4E13-ABA1-B976FD261A19}.Release|Any CPU.Build.0 = Release|Any CPU
		{10D760A7-0F01-4E13-ABA1-B976FD261A19}.Release|arm64.ActiveCfg = Release|Any CPU
		{10D760A7-0F01-4E13-ABA1-B976FD261A19}.Release|arm64.Build.0 = Release|Any CPU
		{10D760A7-0F01-4E13-ABA1-B976FD261A19}.Release|x64.ActiveCfg = Release|Any CPU
		{10D760A7-0F01-4E13-ABA1-B976FD261A19}.Release|x64.Build.0 = Release|Any CPU
		{10D760A7-0F01-4E13-ABA1-B976FD261A19}.Release|x86.ActiveCfg = Release|Any CPU
		{10D760A7-0F01-4E13-ABA1-B976FD261A19}.Release|x86.Build.0 = Release|Any CPU
		{10B7D245-DCCA-4A43-932D-295B69C326F4}.Debug|Any CPU.ActiveCfg = Debug|Any CPU
		{10B7D245-DCCA-4A43-932D-295B69C326F4}.Debug|Any CPU.Build.0 = Debug|Any CPU
		{10B7D245-DCCA-4A43-932D-295B69C326F4}.Debug|arm64.ActiveCfg = Debug|Any CPU
		{10B7D245-DCCA-4A43-932D-295B69C326F4}.Debug|arm64.Build.0 = Debug|Any CPU
		{10B7D245-DCCA-4A43-932D-295B69C326F4}.Debug|x64.ActiveCfg = Debug|Any CPU
		{10B7D245-DCCA-4A43-932D-295B69C326F4}.Debug|x64.Build.0 = Debug|Any CPU
		{10B7D245-DCCA-4A43-932D-295B69C326F4}.Debug|x86.ActiveCfg = Debug|Any CPU
		{10B7D245-DCCA-4A43-932D-295B69C326F4}.Debug|x86.Build.0 = Debug|Any CPU
		{10B7D245-DCCA-4A43-932D-295B69C326F4}.Release|Any CPU.ActiveCfg = Release|Any CPU
		{10B7D245-DCCA-4A43-932D-295B69C326F4}.Release|Any CPU.Build.0 = Release|Any CPU
		{10B7D245-DCCA-4A43-932D-295B69C326F4}.Release|arm64.ActiveCfg = Release|Any CPU
		{10B7D245-DCCA-4A43-932D-295B69C326F4}.Release|arm64.Build.0 = Release|Any CPU
		{10B7D245-DCCA-4A43-932D-295B69C326F4}.Release|x64.ActiveCfg = Release|Any CPU
		{10B7D245-DCCA-4A43-932D-295B69C326F4}.Release|x64.Build.0 = Release|Any CPU
		{10B7D245-DCCA-4A43-932D-295B69C326F4}.Release|x86.ActiveCfg = Release|Any CPU
		{10B7D245-DCCA-4A43-932D-295B69C326F4}.Release|x86.Build.0 = Release|Any CPU
		{D535D2C5-8982-414B-BA87-D193F9CAFFF3}.Debug|Any CPU.ActiveCfg = Debug|Any CPU
		{D535D2C5-8982-414B-BA87-D193F9CAFFF3}.Debug|Any CPU.Build.0 = Debug|Any CPU
		{D535D2C5-8982-414B-BA87-D193F9CAFFF3}.Debug|arm64.ActiveCfg = Debug|Any CPU
		{D535D2C5-8982-414B-BA87-D193F9CAFFF3}.Debug|arm64.Build.0 = Debug|Any CPU
		{D535D2C5-8982-414B-BA87-D193F9CAFFF3}.Debug|x64.ActiveCfg = Debug|Any CPU
		{D535D2C5-8982-414B-BA87-D193F9CAFFF3}.Debug|x64.Build.0 = Debug|Any CPU
		{D535D2C5-8982-414B-BA87-D193F9CAFFF3}.Debug|x86.ActiveCfg = Debug|Any CPU
		{D535D2C5-8982-414B-BA87-D193F9CAFFF3}.Debug|x86.Build.0 = Debug|Any CPU
		{D535D2C5-8982-414B-BA87-D193F9CAFFF3}.Release|Any CPU.ActiveCfg = Release|Any CPU
		{D535D2C5-8982-414B-BA87-D193F9CAFFF3}.Release|Any CPU.Build.0 = Release|Any CPU
		{D535D2C5-8982-414B-BA87-D193F9CAFFF3}.Release|arm64.ActiveCfg = Release|Any CPU
		{D535D2C5-8982-414B-BA87-D193F9CAFFF3}.Release|arm64.Build.0 = Release|Any CPU
		{D535D2C5-8982-414B-BA87-D193F9CAFFF3}.Release|x64.ActiveCfg = Release|Any CPU
		{D535D2C5-8982-414B-BA87-D193F9CAFFF3}.Release|x64.Build.0 = Release|Any CPU
		{D535D2C5-8982-414B-BA87-D193F9CAFFF3}.Release|x86.ActiveCfg = Release|Any CPU
		{D535D2C5-8982-414B-BA87-D193F9CAFFF3}.Release|x86.Build.0 = Release|Any CPU
		{511DD8CB-0CCD-4EF8-A4E0-E77B5598ED00}.Debug|Any CPU.ActiveCfg = Debug|Any CPU
		{511DD8CB-0CCD-4EF8-A4E0-E77B5598ED00}.Debug|Any CPU.Build.0 = Debug|Any CPU
		{511DD8CB-0CCD-4EF8-A4E0-E77B5598ED00}.Debug|Any CPU.Deploy.0 = Debug|Any CPU
		{511DD8CB-0CCD-4EF8-A4E0-E77B5598ED00}.Debug|arm64.ActiveCfg = Debug|Any CPU
		{511DD8CB-0CCD-4EF8-A4E0-E77B5598ED00}.Debug|arm64.Build.0 = Debug|Any CPU
		{511DD8CB-0CCD-4EF8-A4E0-E77B5598ED00}.Debug|arm64.Deploy.0 = Debug|Any CPU
		{511DD8CB-0CCD-4EF8-A4E0-E77B5598ED00}.Debug|x64.ActiveCfg = Debug|Any CPU
		{511DD8CB-0CCD-4EF8-A4E0-E77B5598ED00}.Debug|x64.Build.0 = Debug|Any CPU
		{511DD8CB-0CCD-4EF8-A4E0-E77B5598ED00}.Debug|x64.Deploy.0 = Debug|Any CPU
		{511DD8CB-0CCD-4EF8-A4E0-E77B5598ED00}.Debug|x86.ActiveCfg = Debug|Any CPU
		{511DD8CB-0CCD-4EF8-A4E0-E77B5598ED00}.Debug|x86.Build.0 = Debug|Any CPU
		{511DD8CB-0CCD-4EF8-A4E0-E77B5598ED00}.Debug|x86.Deploy.0 = Debug|Any CPU
		{511DD8CB-0CCD-4EF8-A4E0-E77B5598ED00}.Release|Any CPU.ActiveCfg = Release|Any CPU
		{511DD8CB-0CCD-4EF8-A4E0-E77B5598ED00}.Release|Any CPU.Build.0 = Release|Any CPU
		{511DD8CB-0CCD-4EF8-A4E0-E77B5598ED00}.Release|Any CPU.Deploy.0 = Release|Any CPU
		{511DD8CB-0CCD-4EF8-A4E0-E77B5598ED00}.Release|arm64.ActiveCfg = Release|Any CPU
		{511DD8CB-0CCD-4EF8-A4E0-E77B5598ED00}.Release|arm64.Build.0 = Release|Any CPU
		{511DD8CB-0CCD-4EF8-A4E0-E77B5598ED00}.Release|arm64.Deploy.0 = Release|Any CPU
		{511DD8CB-0CCD-4EF8-A4E0-E77B5598ED00}.Release|x64.ActiveCfg = Release|Any CPU
		{511DD8CB-0CCD-4EF8-A4E0-E77B5598ED00}.Release|x64.Build.0 = Release|Any CPU
		{511DD8CB-0CCD-4EF8-A4E0-E77B5598ED00}.Release|x64.Deploy.0 = Release|Any CPU
		{511DD8CB-0CCD-4EF8-A4E0-E77B5598ED00}.Release|x86.ActiveCfg = Release|Any CPU
		{511DD8CB-0CCD-4EF8-A4E0-E77B5598ED00}.Release|x86.Build.0 = Release|Any CPU
		{511DD8CB-0CCD-4EF8-A4E0-E77B5598ED00}.Release|x86.Deploy.0 = Release|Any CPU
		{CDFD24B5-A8CA-4C5E-A95C-27258DC858AA}.Debug|Any CPU.ActiveCfg = Debug|Any CPU
		{CDFD24B5-A8CA-4C5E-A95C-27258DC858AA}.Debug|Any CPU.Build.0 = Debug|Any CPU
		{CDFD24B5-A8CA-4C5E-A95C-27258DC858AA}.Debug|arm64.ActiveCfg = Debug|Any CPU
		{CDFD24B5-A8CA-4C5E-A95C-27258DC858AA}.Debug|arm64.Build.0 = Debug|Any CPU
		{CDFD24B5-A8CA-4C5E-A95C-27258DC858AA}.Debug|x64.ActiveCfg = Debug|Any CPU
		{CDFD24B5-A8CA-4C5E-A95C-27258DC858AA}.Debug|x64.Build.0 = Debug|Any CPU
		{CDFD24B5-A8CA-4C5E-A95C-27258DC858AA}.Debug|x86.ActiveCfg = Debug|Any CPU
		{CDFD24B5-A8CA-4C5E-A95C-27258DC858AA}.Debug|x86.Build.0 = Debug|Any CPU
		{CDFD24B5-A8CA-4C5E-A95C-27258DC858AA}.Release|Any CPU.ActiveCfg = Release|Any CPU
		{CDFD24B5-A8CA-4C5E-A95C-27258DC858AA}.Release|Any CPU.Build.0 = Release|Any CPU
		{CDFD24B5-A8CA-4C5E-A95C-27258DC858AA}.Release|arm64.ActiveCfg = Release|Any CPU
		{CDFD24B5-A8CA-4C5E-A95C-27258DC858AA}.Release|arm64.Build.0 = Release|Any CPU
		{CDFD24B5-A8CA-4C5E-A95C-27258DC858AA}.Release|x64.ActiveCfg = Release|Any CPU
		{CDFD24B5-A8CA-4C5E-A95C-27258DC858AA}.Release|x64.Build.0 = Release|Any CPU
		{CDFD24B5-A8CA-4C5E-A95C-27258DC858AA}.Release|x86.ActiveCfg = Release|Any CPU
		{CDFD24B5-A8CA-4C5E-A95C-27258DC858AA}.Release|x86.Build.0 = Release|Any CPU
		{1BBC9913-AB0C-4FB4-AE30-37E7DB50B6ED}.Debug|Any CPU.ActiveCfg = Debug|Any CPU
		{1BBC9913-AB0C-4FB4-AE30-37E7DB50B6ED}.Debug|Any CPU.Build.0 = Debug|Any CPU
		{1BBC9913-AB0C-4FB4-AE30-37E7DB50B6ED}.Debug|arm64.ActiveCfg = Debug|Any CPU
		{1BBC9913-AB0C-4FB4-AE30-37E7DB50B6ED}.Debug|arm64.Build.0 = Debug|Any CPU
		{1BBC9913-AB0C-4FB4-AE30-37E7DB50B6ED}.Debug|x64.ActiveCfg = Debug|Any CPU
		{1BBC9913-AB0C-4FB4-AE30-37E7DB50B6ED}.Debug|x64.Build.0 = Debug|Any CPU
		{1BBC9913-AB0C-4FB4-AE30-37E7DB50B6ED}.Debug|x86.ActiveCfg = Debug|Any CPU
		{1BBC9913-AB0C-4FB4-AE30-37E7DB50B6ED}.Debug|x86.Build.0 = Debug|Any CPU
		{1BBC9913-AB0C-4FB4-AE30-37E7DB50B6ED}.Release|Any CPU.ActiveCfg = Release|Any CPU
		{1BBC9913-AB0C-4FB4-AE30-37E7DB50B6ED}.Release|Any CPU.Build.0 = Release|Any CPU
		{1BBC9913-AB0C-4FB4-AE30-37E7DB50B6ED}.Release|arm64.ActiveCfg = Release|Any CPU
		{1BBC9913-AB0C-4FB4-AE30-37E7DB50B6ED}.Release|arm64.Build.0 = Release|Any CPU
		{1BBC9913-AB0C-4FB4-AE30-37E7DB50B6ED}.Release|x64.ActiveCfg = Release|Any CPU
		{1BBC9913-AB0C-4FB4-AE30-37E7DB50B6ED}.Release|x64.Build.0 = Release|Any CPU
		{1BBC9913-AB0C-4FB4-AE30-37E7DB50B6ED}.Release|x86.ActiveCfg = Release|Any CPU
		{1BBC9913-AB0C-4FB4-AE30-37E7DB50B6ED}.Release|x86.Build.0 = Release|Any CPU
		{2145AE9A-BFBA-45EB-AE68-67AC74703BAC}.Debug|Any CPU.ActiveCfg = Debug|Any CPU
		{2145AE9A-BFBA-45EB-AE68-67AC74703BAC}.Debug|Any CPU.Build.0 = Debug|Any CPU
		{2145AE9A-BFBA-45EB-AE68-67AC74703BAC}.Debug|arm64.ActiveCfg = Debug|Any CPU
		{2145AE9A-BFBA-45EB-AE68-67AC74703BAC}.Debug|arm64.Build.0 = Debug|Any CPU
		{2145AE9A-BFBA-45EB-AE68-67AC74703BAC}.Debug|x64.ActiveCfg = Debug|Any CPU
		{2145AE9A-BFBA-45EB-AE68-67AC74703BAC}.Debug|x64.Build.0 = Debug|Any CPU
		{2145AE9A-BFBA-45EB-AE68-67AC74703BAC}.Debug|x86.ActiveCfg = Debug|Any CPU
		{2145AE9A-BFBA-45EB-AE68-67AC74703BAC}.Debug|x86.Build.0 = Debug|Any CPU
		{2145AE9A-BFBA-45EB-AE68-67AC74703BAC}.Release|Any CPU.ActiveCfg = Release|Any CPU
		{2145AE9A-BFBA-45EB-AE68-67AC74703BAC}.Release|Any CPU.Build.0 = Release|Any CPU
		{2145AE9A-BFBA-45EB-AE68-67AC74703BAC}.Release|arm64.ActiveCfg = Release|Any CPU
		{2145AE9A-BFBA-45EB-AE68-67AC74703BAC}.Release|arm64.Build.0 = Release|Any CPU
		{2145AE9A-BFBA-45EB-AE68-67AC74703BAC}.Release|x64.ActiveCfg = Release|Any CPU
		{2145AE9A-BFBA-45EB-AE68-67AC74703BAC}.Release|x64.Build.0 = Release|Any CPU
		{2145AE9A-BFBA-45EB-AE68-67AC74703BAC}.Release|x86.ActiveCfg = Release|Any CPU
		{2145AE9A-BFBA-45EB-AE68-67AC74703BAC}.Release|x86.Build.0 = Release|Any CPU
	EndGlobalSection
	GlobalSection(SolutionProperties) = preSolution
		HideSolutionNode = FALSE
	EndGlobalSection
	GlobalSection(NestedProjects) = preSolution
		{01C91A5C-3145-47E1-9852-C9EEF80F378D} = {3FA561E3-6691-43AA-B3C0-6ED962D329FC}
		{D114A309-9369-4893-9534-257447606BD7} = {3E532811-D187-4747-95F7-F774F0DBA5EA}
		{389CC10E-BDF2-4DB8-976F-07BBFF4A1133} = {3FA561E3-6691-43AA-B3C0-6ED962D329FC}
		{20F4231C-1A5B-43C9-9D82-BD6CB437ADF3} = {83F7C43B-B59D-4A53-9A86-23491B5AAC40}
		{9B632024-0D62-4D8B-8084-DE3F276F1206} = {83F7C43B-B59D-4A53-9A86-23491B5AAC40}
		{10D760A7-0F01-4E13-ABA1-B976FD261A19} = {83F7C43B-B59D-4A53-9A86-23491B5AAC40}
		{10B7D245-DCCA-4A43-932D-295B69C326F4} = {3E532811-D187-4747-95F7-F774F0DBA5EA}
		{D535D2C5-8982-414B-BA87-D193F9CAFFF3} = {D4018197-1E80-46ED-A3FF-8EF2FB37060D}
		{CDFD24B5-A8CA-4C5E-A95C-27258DC858AA} = {DAB528BD-AAC2-479A-861C-FB2CE1EAC781}
		{1BBC9913-AB0C-4FB4-AE30-37E7DB50B6ED} = {DAB528BD-AAC2-479A-861C-FB2CE1EAC781}
	EndGlobalSection
	GlobalSection(ExtensibilityGlobals) = postSolution
		SolutionGuid = {1426913A-7024-4877-8B12-97D36034EDC9}
	EndGlobalSection
EndGlobal
