
Microsoft Visual Studio Solution File, Format Version 12.00
# Visual Studio Version 17
VisualStudioVersion = 17.4.33103.184
MinimumVisualStudioVersion = 10.0.40219.1
Project("{FAE04EC0-301F-11D3-BF4B-00C04F79EFBC}") = "TemplateWebNET7.Features", "TemplateWebNET7\Server\TemplateWebNET7.Features.csproj", "{421F09B5-E13A-42B6-B10B-3713C05F303A}"
EndProject
Project("{FAE04EC0-301F-11D3-BF4B-00C04F79EFBC}") = "TemplateWebNET7.Web", "TemplateWebNET7\Client\TemplateWebNET7.Web.csproj", "{AC3F5705-2EF0-4887-8856-BE193033F91B}"
EndProject
Global
	GlobalSection(SolutionConfigurationPlatforms) = preSolution
		Debug|Any CPU = Debug|Any CPU
		Release|Any CPU = Release|Any CPU
	EndGlobalSection
	GlobalSection(ProjectConfigurationPlatforms) = postSolution
		{421F09B5-E13A-42B6-B10B-3713C05F303A}.Debug|Any CPU.ActiveCfg = Debug|Any CPU
		{421F09B5-E13A-42B6-B10B-3713C05F303A}.Debug|Any CPU.Build.0 = Debug|Any CPU
		{421F09B5-E13A-42B6-B10B-3713C05F303A}.Release|Any CPU.ActiveCfg = Release|Any CPU
		{421F09B5-E13A-42B6-B10B-3713C05F303A}.Release|Any CPU.Build.0 = Release|Any CPU
		{AC3F5705-2EF0-4887-8856-BE193033F91B}.Debug|Any CPU.ActiveCfg = Debug|Any CPU
		{AC3F5705-2EF0-4887-8856-BE193033F91B}.Debug|Any CPU.Build.0 = Debug|Any CPU
		{AC3F5705-2EF0-4887-8856-BE193033F91B}.Release|Any CPU.ActiveCfg = Release|Any CPU
		{AC3F5705-2EF0-4887-8856-BE193033F91B}.Release|Any CPU.Build.0 = Release|Any CPU
	EndGlobalSection
	GlobalSection(SolutionProperties) = preSolution
		HideSolutionNode = FALSE
	EndGlobalSection
	GlobalSection(ExtensibilityGlobals) = postSolution
		SolutionGuid = {58201C72-775B-436A-8512-E1B2D781FB51}
	EndGlobalSection
EndGlobal
